// !$*UTF8*$!
{
	archiveVersion = 1;
	classes = {
	};
	objectVersion = 50;
	objects = {

/* Begin PBXBuildFile section */
		5E05CD8A24BEF23900EB2EF3 /* ConstructorsColor.swift in Sources */ = {isa = PBXBuildFile; fileRef = 5E05CD8924BEF23900EB2EF3 /* ConstructorsColor.swift */; };
		5E05CD8C24BF28E600EB2EF3 /* CommonDriver.swift in Sources */ = {isa = PBXBuildFile; fileRef = 5E05CD8B24BF28E600EB2EF3 /* CommonDriver.swift */; };
		5E05CD8E24BF2B8700EB2EF3 /* Constructor.swift in Sources */ = {isa = PBXBuildFile; fileRef = 5E05CD8D24BF2B8700EB2EF3 /* Constructor.swift */; };
		5E05CD9024BF2B8F00EB2EF3 /* Driver.swift in Sources */ = {isa = PBXBuildFile; fileRef = 5E05CD8F24BF2B8F00EB2EF3 /* Driver.swift */; };
		5E05CD9424BF354A00EB2EF3 /* CommonConstructor.swift in Sources */ = {isa = PBXBuildFile; fileRef = 5E05CD9324BF354A00EB2EF3 /* CommonConstructor.swift */; };
		5E14A14424BCA1A90058305B /* API.swift in Sources */ = {isa = PBXBuildFile; fileRef = 5E14A14324BCA1A90058305B /* API.swift */; };
		5E40ECF624B7400700E3AF1F /* StandingConstructorCell.swift in Sources */ = {isa = PBXBuildFile; fileRef = 5E40ECF524B7400700E3AF1F /* StandingConstructorCell.swift */; };
		5E40ECF824B74B8100E3AF1F /* ConstructorViewController.swift in Sources */ = {isa = PBXBuildFile; fileRef = 5E40ECF724B74B8100E3AF1F /* ConstructorViewController.swift */; };
		5E40ECFA24B74BA100E3AF1F /* ConstructorCell.swift in Sources */ = {isa = PBXBuildFile; fileRef = 5E40ECF924B74BA100E3AF1F /* ConstructorCell.swift */; };
		5E419EC724B5A855006421F6 /* AppDelegate.swift in Sources */ = {isa = PBXBuildFile; fileRef = 5E419EC624B5A855006421F6 /* AppDelegate.swift */; };
		5E419EC924B5A855006421F6 /* SceneDelegate.swift in Sources */ = {isa = PBXBuildFile; fileRef = 5E419EC824B5A855006421F6 /* SceneDelegate.swift */; };
		5E419ED024B5A858006421F6 /* Assets.xcassets in Resources */ = {isa = PBXBuildFile; fileRef = 5E419ECF24B5A858006421F6 /* Assets.xcassets */; };
		5E419ED324B5A858006421F6 /* LaunchScreen.storyboard in Resources */ = {isa = PBXBuildFile; fileRef = 5E419ED124B5A858006421F6 /* LaunchScreen.storyboard */; };
		5E419EDE24B5A858006421F6 /* F1_SpaceTests.swift in Sources */ = {isa = PBXBuildFile; fileRef = 5E419EDD24B5A858006421F6 /* F1_SpaceTests.swift */; };
		5E419EE924B5A9AA006421F6 /* StandingsViewController.swift in Sources */ = {isa = PBXBuildFile; fileRef = 5E419EE824B5A9AA006421F6 /* StandingsViewController.swift */; };
		5E419EED24B5AB86006421F6 /* FormulaTabBarController.swift in Sources */ = {isa = PBXBuildFile; fileRef = 5E419EEC24B5AB86006421F6 /* FormulaTabBarController.swift */; };
		5E419EF124B5B433006421F6 /* Layout.swift in Sources */ = {isa = PBXBuildFile; fileRef = 5E419EF024B5B433006421F6 /* Layout.swift */; };
		5E419EF624B5DBB0006421F6 /* StandingDriverCell.swift in Sources */ = {isa = PBXBuildFile; fileRef = 5E419EF524B5DBB0006421F6 /* StandingDriverCell.swift */; };
		5E419EF924B5DEC7006421F6 /* DriverViewController.swift in Sources */ = {isa = PBXBuildFile; fileRef = 5E419EF824B5DEC7006421F6 /* DriverViewController.swift */; };
		5E419EFB24B5F3C3006421F6 /* DriversCell.swift in Sources */ = {isa = PBXBuildFile; fileRef = 5E419EFA24B5F3C3006421F6 /* DriversCell.swift */; };
		5E419EFE24B5FAF6006421F6 /* Formula1-Regular.ttf in Resources */ = {isa = PBXBuildFile; fileRef = 5E419EFD24B5FAF6006421F6 /* Formula1-Regular.ttf */; };
		5E419F0024B5FB01006421F6 /* Formula1-Wide.ttf in Resources */ = {isa = PBXBuildFile; fileRef = 5E419EFF24B5FB01006421F6 /* Formula1-Wide.ttf */; };
		5E419F0224B5FB08006421F6 /* Formula1-Bold.ttf in Resources */ = {isa = PBXBuildFile; fileRef = 5E419F0124B5FB08006421F6 /* Formula1-Bold.ttf */; };
		5E419F0424B5FB0D006421F6 /* Formula1-Black.ttf in Resources */ = {isa = PBXBuildFile; fileRef = 5E419F0324B5FB0D006421F6 /* Formula1-Black.ttf */; };
		5E419F0A24B60E1F006421F6 /* StackView.swift in Sources */ = {isa = PBXBuildFile; fileRef = 5E419F0924B60E1F006421F6 /* StackView.swift */; };
		5E4A6A9624D7EE100077CDBC /* NewsViewModel.swift in Sources */ = {isa = PBXBuildFile; fileRef = 5E4A6A9524D7EE100077CDBC /* NewsViewModel.swift */; };
		5E4A6A9924D7EEB30077CDBC /* NewsCellViewModel.swift in Sources */ = {isa = PBXBuildFile; fileRef = 5E4A6A9824D7EEB30077CDBC /* NewsCellViewModel.swift */; };
		5E4A6A9B24D82E210077CDBC /* DetailNewsViewModel.swift in Sources */ = {isa = PBXBuildFile; fileRef = 5E4A6A9A24D82E210077CDBC /* DetailNewsViewModel.swift */; };
		5E4B737524F7DEB40086F547 /* HeaderView.swift in Sources */ = {isa = PBXBuildFile; fileRef = 5E4B737424F7DEB40086F547 /* HeaderView.swift */; };
		5E5F1B3224D5600200F81366 /* CustromActivityIndicator.swift in Sources */ = {isa = PBXBuildFile; fileRef = 5E5F1B3124D5600200F81366 /* CustromActivityIndicator.swift */; };
		5E5F1B3824D5DDE300F81366 /* CustomAnimationActivityIndicator.swift in Sources */ = {isa = PBXBuildFile; fileRef = 5E5F1B3724D5DDE300F81366 /* CustomAnimationActivityIndicator.swift */; };
		5E5F1B3A24D5F37F00F81366 /* RefreshView.swift in Sources */ = {isa = PBXBuildFile; fileRef = 5E5F1B3924D5F37F00F81366 /* RefreshView.swift */; };
		5E65123724EFA2A800008D67 /* ContainerNum3.swift in Sources */ = {isa = PBXBuildFile; fileRef = 5E65123624EFA2A800008D67 /* ContainerNum3.swift */; };
		5E65123924EFBB6700008D67 /* Races.swift in Sources */ = {isa = PBXBuildFile; fileRef = 5E65123824EFBB6700008D67 /* Races.swift */; };
		5E78687324F54A1A002E6A10 /* ArchiveCell.swift in Sources */ = {isa = PBXBuildFile; fileRef = 5E78687224F54A1A002E6A10 /* ArchiveCell.swift */; };
		5E7DB97D24D054420029C0EE /* NewsViewController.swift in Sources */ = {isa = PBXBuildFile; fileRef = 5E7DB97C24D054420029C0EE /* NewsViewController.swift */; };
		5E7DB98024D05A6E0029C0EE /* NewsCell.swift in Sources */ = {isa = PBXBuildFile; fileRef = 5E7DB97F24D05A6E0029C0EE /* NewsCell.swift */; };
		5E82B52024C5D6A100377859 /* ConstructorViewModel.swift in Sources */ = {isa = PBXBuildFile; fileRef = 5E82B51F24C5D6A100377859 /* ConstructorViewModel.swift */; };
		5E82B52224C5D6AC00377859 /* ConstructorCellViewModel.swift in Sources */ = {isa = PBXBuildFile; fileRef = 5E82B52124C5D6AC00377859 /* ConstructorCellViewModel.swift */; };
		5E8662CF24E2CE9500064D4E /* AppIncludes.jpg in Resources */ = {isa = PBXBuildFile; fileRef = 5E8662CE24E2CE9500064D4E /* AppIncludes.jpg */; };
		5E8662D124E2D6B000064D4E /* presentation.gif in Resources */ = {isa = PBXBuildFile; fileRef = 5E8662D024E2D6B000064D4E /* presentation.gif */; };
		5E88B1A324EBA698006B7B51 /* ArchiveViewController.swift in Sources */ = {isa = PBXBuildFile; fileRef = 5E88B1A224EBA698006B7B51 /* ArchiveViewController.swift */; };
		5E88B1A724EBCBC6006B7B51 /* ContainerPicker.swift in Sources */ = {isa = PBXBuildFile; fileRef = 5E88B1A624EBCBC6006B7B51 /* ContainerPicker.swift */; };
		5E88B1A924EC0D8E006B7B51 /* StandingsContainerView.swift in Sources */ = {isa = PBXBuildFile; fileRef = 5E88B1A824EC0D8E006B7B51 /* StandingsContainerView.swift */; };
		5E9EB95224C2D99A00023668 /* StandingsViewModel.swift in Sources */ = {isa = PBXBuildFile; fileRef = 5E9EB95124C2D99A00023668 /* StandingsViewModel.swift */; };
		5E9EB95424C2DA2D00023668 /* StandingsCellViewModel.swift in Sources */ = {isa = PBXBuildFile; fileRef = 5E9EB95324C2DA2D00023668 /* StandingsCellViewModel.swift */; };
		5EA886F224D164F30079EDDC /* RSS.swift in Sources */ = {isa = PBXBuildFile; fileRef = 5EA886F124D164F30079EDDC /* RSS.swift */; };
		5EA886F424D165DD0079EDDC /* Article.swift in Sources */ = {isa = PBXBuildFile; fileRef = 5EA886F324D165DD0079EDDC /* Article.swift */; };
		5EA886F724D191730079EDDC /* String.swift in Sources */ = {isa = PBXBuildFile; fileRef = 5EA886F624D191730079EDDC /* String.swift */; };
		5EA886F924D1A9A60079EDDC /* Formatter.swift in Sources */ = {isa = PBXBuildFile; fileRef = 5EA886F824D1A9A60079EDDC /* Formatter.swift */; };
		5EA886FB24D1FE270079EDDC /* DetailNewsViewController.swift in Sources */ = {isa = PBXBuildFile; fileRef = 5EA886FA24D1FE270079EDDC /* DetailNewsViewController.swift */; };
		5EAC214724C8244F00A65A7A /* DataSourceViewModelType.swift in Sources */ = {isa = PBXBuildFile; fileRef = 5EAC214624C8244F00A65A7A /* DataSourceViewModelType.swift */; };
		5EC60D6824C18DBD009C66CC /* DriverViewModel.swift in Sources */ = {isa = PBXBuildFile; fileRef = 5EC60D6724C18DBD009C66CC /* DriverViewModel.swift */; };
		5EC60D6C24C1FD4E009C66CC /* DriverCellViewModel.swift in Sources */ = {isa = PBXBuildFile; fileRef = 5EC60D6B24C1FD4E009C66CC /* DriverCellViewModel.swift */; };
		5ECFB2A62501132800ED94EA /* TransitionDriver.swift in Sources */ = {isa = PBXBuildFile; fileRef = 5ECFB29A2501132800ED94EA /* TransitionDriver.swift */; };
		5ECFB2A72501132800ED94EA /* CGPoint + Velocity.swift in Sources */ = {isa = PBXBuildFile; fileRef = 5ECFB29B2501132800ED94EA /* CGPoint + Velocity.swift */; };
		5ECFB2A82501132800ED94EA /* PanelTransition.swift in Sources */ = {isa = PBXBuildFile; fileRef = 5ECFB29C2501132800ED94EA /* PanelTransition.swift */; };
		5ECFB2A92501132800ED94EA /* InstantPanGestureRecognizer.swift in Sources */ = {isa = PBXBuildFile; fileRef = 5ECFB29D2501132800ED94EA /* InstantPanGestureRecognizer.swift */; };
		5ECFB2AA2501132800ED94EA /* PresentationController.swift in Sources */ = {isa = PBXBuildFile; fileRef = 5ECFB29F2501132800ED94EA /* PresentationController.swift */; };
		5ECFB2AB2501132800ED94EA /* DarkenedPresentationController.swift in Sources */ = {isa = PBXBuildFile; fileRef = 5ECFB2A02501132800ED94EA /* DarkenedPresentationController.swift */; };
		5ECFB2AC2501132800ED94EA /* PresentAnimation.swift in Sources */ = {isa = PBXBuildFile; fileRef = 5ECFB2A22501132800ED94EA /* PresentAnimation.swift */; };
		5ECFB2AD2501132800ED94EA /* DismissAnimation.swift in Sources */ = {isa = PBXBuildFile; fileRef = 5ECFB2A32501132800ED94EA /* DismissAnimation.swift */; };
		5ECFB2AE2501132800ED94EA /* TransitionDirection.swift in Sources */ = {isa = PBXBuildFile; fileRef = 5ECFB2A42501132800ED94EA /* TransitionDirection.swift */; };
		5EEE76DE25013F7C00D7D530 /* PanGestureRecognizer.swift in Sources */ = {isa = PBXBuildFile; fileRef = 5EEE76DD25013F7C00D7D530 /* PanGestureRecognizer.swift */; };
		5EFD898724FE251E00A39838 /* HistoricalViewController.swift in Sources */ = {isa = PBXBuildFile; fileRef = 5EFD898624FE251E00A39838 /* HistoricalViewController.swift */; };
		5EFD898924FE458200A39838 /* PickerViewController.swift in Sources */ = {isa = PBXBuildFile; fileRef = 5EFD898824FE458200A39838 /* PickerViewController.swift */; };
/* End PBXBuildFile section */

/* Begin PBXContainerItemProxy section */
		5E419EDA24B5A858006421F6 /* PBXContainerItemProxy */ = {
			isa = PBXContainerItemProxy;
			containerPortal = 5E419EBB24B5A855006421F6 /* Project object */;
			proxyType = 1;
			remoteGlobalIDString = 5E419EC224B5A855006421F6;
			remoteInfo = "F1 Space";
		};
/* End PBXContainerItemProxy section */

/* Begin PBXFileReference section */
		5E05CD8924BEF23900EB2EF3 /* ConstructorsColor.swift */ = {isa = PBXFileReference; lastKnownFileType = sourcecode.swift; path = ConstructorsColor.swift; sourceTree = "<group>"; };
		5E05CD8B24BF28E600EB2EF3 /* CommonDriver.swift */ = {isa = PBXFileReference; lastKnownFileType = sourcecode.swift; path = CommonDriver.swift; sourceTree = "<group>"; };
		5E05CD8D24BF2B8700EB2EF3 /* Constructor.swift */ = {isa = PBXFileReference; lastKnownFileType = sourcecode.swift; path = Constructor.swift; sourceTree = "<group>"; };
		5E05CD8F24BF2B8F00EB2EF3 /* Driver.swift */ = {isa = PBXFileReference; lastKnownFileType = sourcecode.swift; path = Driver.swift; sourceTree = "<group>"; };
		5E05CD9324BF354A00EB2EF3 /* CommonConstructor.swift */ = {isa = PBXFileReference; lastKnownFileType = sourcecode.swift; path = CommonConstructor.swift; sourceTree = "<group>"; };
		5E14A14324BCA1A90058305B /* API.swift */ = {isa = PBXFileReference; lastKnownFileType = sourcecode.swift; path = API.swift; sourceTree = "<group>"; };
		5E40ECF524B7400700E3AF1F /* StandingConstructorCell.swift */ = {isa = PBXFileReference; lastKnownFileType = sourcecode.swift; path = StandingConstructorCell.swift; sourceTree = "<group>"; };
		5E40ECF724B74B8100E3AF1F /* ConstructorViewController.swift */ = {isa = PBXFileReference; lastKnownFileType = sourcecode.swift; path = ConstructorViewController.swift; sourceTree = "<group>"; };
		5E40ECF924B74BA100E3AF1F /* ConstructorCell.swift */ = {isa = PBXFileReference; lastKnownFileType = sourcecode.swift; path = ConstructorCell.swift; sourceTree = "<group>"; };
		5E419EC324B5A855006421F6 /* F1 Space.app */ = {isa = PBXFileReference; explicitFileType = wrapper.application; includeInIndex = 0; path = "F1 Space.app"; sourceTree = BUILT_PRODUCTS_DIR; };
		5E419EC624B5A855006421F6 /* AppDelegate.swift */ = {isa = PBXFileReference; lastKnownFileType = sourcecode.swift; path = AppDelegate.swift; sourceTree = "<group>"; };
		5E419EC824B5A855006421F6 /* SceneDelegate.swift */ = {isa = PBXFileReference; lastKnownFileType = sourcecode.swift; path = SceneDelegate.swift; sourceTree = "<group>"; };
		5E419ECF24B5A858006421F6 /* Assets.xcassets */ = {isa = PBXFileReference; lastKnownFileType = folder.assetcatalog; path = Assets.xcassets; sourceTree = "<group>"; };
		5E419ED224B5A858006421F6 /* Base */ = {isa = PBXFileReference; lastKnownFileType = file.storyboard; name = Base; path = Base.lproj/LaunchScreen.storyboard; sourceTree = "<group>"; };
		5E419ED424B5A858006421F6 /* Info.plist */ = {isa = PBXFileReference; lastKnownFileType = text.plist.xml; path = Info.plist; sourceTree = "<group>"; };
		5E419ED924B5A858006421F6 /* F1 SpaceTests.xctest */ = {isa = PBXFileReference; explicitFileType = wrapper.cfbundle; includeInIndex = 0; path = "F1 SpaceTests.xctest"; sourceTree = BUILT_PRODUCTS_DIR; };
		5E419EDD24B5A858006421F6 /* F1_SpaceTests.swift */ = {isa = PBXFileReference; lastKnownFileType = sourcecode.swift; path = F1_SpaceTests.swift; sourceTree = "<group>"; };
		5E419EDF24B5A858006421F6 /* Info.plist */ = {isa = PBXFileReference; lastKnownFileType = text.plist.xml; path = Info.plist; sourceTree = "<group>"; };
		5E419EE824B5A9AA006421F6 /* StandingsViewController.swift */ = {isa = PBXFileReference; lastKnownFileType = sourcecode.swift; path = StandingsViewController.swift; sourceTree = "<group>"; };
		5E419EEC24B5AB86006421F6 /* FormulaTabBarController.swift */ = {isa = PBXFileReference; lastKnownFileType = sourcecode.swift; path = FormulaTabBarController.swift; sourceTree = "<group>"; };
		5E419EF024B5B433006421F6 /* Layout.swift */ = {isa = PBXFileReference; lastKnownFileType = sourcecode.swift; path = Layout.swift; sourceTree = "<group>"; };
		5E419EF524B5DBB0006421F6 /* StandingDriverCell.swift */ = {isa = PBXFileReference; lastKnownFileType = sourcecode.swift; path = StandingDriverCell.swift; sourceTree = "<group>"; };
		5E419EF824B5DEC7006421F6 /* DriverViewController.swift */ = {isa = PBXFileReference; lastKnownFileType = sourcecode.swift; path = DriverViewController.swift; sourceTree = "<group>"; };
		5E419EFA24B5F3C3006421F6 /* DriversCell.swift */ = {isa = PBXFileReference; lastKnownFileType = sourcecode.swift; path = DriversCell.swift; sourceTree = "<group>"; };
		5E419EFD24B5FAF6006421F6 /* Formula1-Regular.ttf */ = {isa = PBXFileReference; lastKnownFileType = file; name = "Formula1-Regular.ttf"; path = "../../../../../Fonts/Formula1-Regular.ttf"; sourceTree = "<group>"; };
		5E419EFF24B5FB01006421F6 /* Formula1-Wide.ttf */ = {isa = PBXFileReference; lastKnownFileType = file; name = "Formula1-Wide.ttf"; path = "../../../../../Fonts/Formula1-Wide.ttf"; sourceTree = "<group>"; };
		5E419F0124B5FB08006421F6 /* Formula1-Bold.ttf */ = {isa = PBXFileReference; lastKnownFileType = file; name = "Formula1-Bold.ttf"; path = "../../../../../Fonts/Formula1-Bold.ttf"; sourceTree = "<group>"; };
		5E419F0324B5FB0D006421F6 /* Formula1-Black.ttf */ = {isa = PBXFileReference; lastKnownFileType = file; name = "Formula1-Black.ttf"; path = "../../../../../Fonts/Formula1-Black.ttf"; sourceTree = "<group>"; };
		5E419F0924B60E1F006421F6 /* StackView.swift */ = {isa = PBXFileReference; lastKnownFileType = sourcecode.swift; path = StackView.swift; sourceTree = "<group>"; };
		5E4A6A9524D7EE100077CDBC /* NewsViewModel.swift */ = {isa = PBXFileReference; lastKnownFileType = sourcecode.swift; path = NewsViewModel.swift; sourceTree = "<group>"; };
		5E4A6A9824D7EEB30077CDBC /* NewsCellViewModel.swift */ = {isa = PBXFileReference; lastKnownFileType = sourcecode.swift; path = NewsCellViewModel.swift; sourceTree = "<group>"; };
		5E4A6A9A24D82E210077CDBC /* DetailNewsViewModel.swift */ = {isa = PBXFileReference; lastKnownFileType = sourcecode.swift; path = DetailNewsViewModel.swift; sourceTree = "<group>"; };
		5E4B737424F7DEB40086F547 /* HeaderView.swift */ = {isa = PBXFileReference; lastKnownFileType = sourcecode.swift; path = HeaderView.swift; sourceTree = "<group>"; };
		5E5F1B3124D5600200F81366 /* CustromActivityIndicator.swift */ = {isa = PBXFileReference; lastKnownFileType = sourcecode.swift; path = CustromActivityIndicator.swift; sourceTree = "<group>"; };
		5E5F1B3724D5DDE300F81366 /* CustomAnimationActivityIndicator.swift */ = {isa = PBXFileReference; lastKnownFileType = sourcecode.swift; path = CustomAnimationActivityIndicator.swift; sourceTree = "<group>"; };
		5E5F1B3924D5F37F00F81366 /* RefreshView.swift */ = {isa = PBXFileReference; lastKnownFileType = sourcecode.swift; path = RefreshView.swift; sourceTree = "<group>"; };
		5E65123624EFA2A800008D67 /* ContainerNum3.swift */ = {isa = PBXFileReference; lastKnownFileType = sourcecode.swift; path = ContainerNum3.swift; sourceTree = "<group>"; };
		5E65123824EFBB6700008D67 /* Races.swift */ = {isa = PBXFileReference; lastKnownFileType = sourcecode.swift; path = Races.swift; sourceTree = "<group>"; };
		5E78687224F54A1A002E6A10 /* ArchiveCell.swift */ = {isa = PBXFileReference; lastKnownFileType = sourcecode.swift; path = ArchiveCell.swift; sourceTree = "<group>"; };
		5E7DB97C24D054420029C0EE /* NewsViewController.swift */ = {isa = PBXFileReference; lastKnownFileType = sourcecode.swift; path = NewsViewController.swift; sourceTree = "<group>"; };
		5E7DB97F24D05A6E0029C0EE /* NewsCell.swift */ = {isa = PBXFileReference; lastKnownFileType = sourcecode.swift; path = NewsCell.swift; sourceTree = "<group>"; };
		5E82B51F24C5D6A100377859 /* ConstructorViewModel.swift */ = {isa = PBXFileReference; lastKnownFileType = sourcecode.swift; path = ConstructorViewModel.swift; sourceTree = "<group>"; };
		5E82B52124C5D6AC00377859 /* ConstructorCellViewModel.swift */ = {isa = PBXFileReference; lastKnownFileType = sourcecode.swift; path = ConstructorCellViewModel.swift; sourceTree = "<group>"; };
		5E8662CB24E2C7BA00064D4E /* README.md */ = {isa = PBXFileReference; lastKnownFileType = net.daringfireball.markdown; path = README.md; sourceTree = "<group>"; };
		5E8662CE24E2CE9500064D4E /* AppIncludes.jpg */ = {isa = PBXFileReference; lastKnownFileType = image.jpeg; path = AppIncludes.jpg; sourceTree = "<group>"; };
		5E8662D024E2D6B000064D4E /* presentation.gif */ = {isa = PBXFileReference; lastKnownFileType = image.gif; path = presentation.gif; sourceTree = "<group>"; };
		5E88B1A224EBA698006B7B51 /* ArchiveViewController.swift */ = {isa = PBXFileReference; lastKnownFileType = sourcecode.swift; path = ArchiveViewController.swift; sourceTree = "<group>"; };
		5E88B1A624EBCBC6006B7B51 /* ContainerPicker.swift */ = {isa = PBXFileReference; lastKnownFileType = sourcecode.swift; path = ContainerPicker.swift; sourceTree = "<group>"; };
		5E88B1A824EC0D8E006B7B51 /* StandingsContainerView.swift */ = {isa = PBXFileReference; lastKnownFileType = sourcecode.swift; path = StandingsContainerView.swift; sourceTree = "<group>"; };
		5E9EB95124C2D99A00023668 /* StandingsViewModel.swift */ = {isa = PBXFileReference; lastKnownFileType = sourcecode.swift; path = StandingsViewModel.swift; sourceTree = "<group>"; };
		5E9EB95324C2DA2D00023668 /* StandingsCellViewModel.swift */ = {isa = PBXFileReference; lastKnownFileType = sourcecode.swift; path = StandingsCellViewModel.swift; sourceTree = "<group>"; };
		5EA886F124D164F30079EDDC /* RSS.swift */ = {isa = PBXFileReference; lastKnownFileType = sourcecode.swift; path = RSS.swift; sourceTree = "<group>"; };
		5EA886F324D165DD0079EDDC /* Article.swift */ = {isa = PBXFileReference; lastKnownFileType = sourcecode.swift; path = Article.swift; sourceTree = "<group>"; };
		5EA886F624D191730079EDDC /* String.swift */ = {isa = PBXFileReference; lastKnownFileType = sourcecode.swift; path = String.swift; sourceTree = "<group>"; };
		5EA886F824D1A9A60079EDDC /* Formatter.swift */ = {isa = PBXFileReference; lastKnownFileType = sourcecode.swift; path = Formatter.swift; sourceTree = "<group>"; };
		5EA886FA24D1FE270079EDDC /* DetailNewsViewController.swift */ = {isa = PBXFileReference; lastKnownFileType = sourcecode.swift; path = DetailNewsViewController.swift; sourceTree = "<group>"; };
		5EAC214624C8244F00A65A7A /* DataSourceViewModelType.swift */ = {isa = PBXFileReference; lastKnownFileType = sourcecode.swift; path = DataSourceViewModelType.swift; sourceTree = "<group>"; };
		5EC60D6724C18DBD009C66CC /* DriverViewModel.swift */ = {isa = PBXFileReference; lastKnownFileType = sourcecode.swift; path = DriverViewModel.swift; sourceTree = "<group>"; };
		5EC60D6B24C1FD4E009C66CC /* DriverCellViewModel.swift */ = {isa = PBXFileReference; lastKnownFileType = sourcecode.swift; path = DriverCellViewModel.swift; sourceTree = "<group>"; };
		5ECFB29A2501132800ED94EA /* TransitionDriver.swift */ = {isa = PBXFileReference; fileEncoding = 4; lastKnownFileType = sourcecode.swift; path = TransitionDriver.swift; sourceTree = "<group>"; };
		5ECFB29B2501132800ED94EA /* CGPoint + Velocity.swift */ = {isa = PBXFileReference; fileEncoding = 4; lastKnownFileType = sourcecode.swift; path = "CGPoint + Velocity.swift"; sourceTree = "<group>"; };
		5ECFB29C2501132800ED94EA /* PanelTransition.swift */ = {isa = PBXFileReference; fileEncoding = 4; lastKnownFileType = sourcecode.swift; path = PanelTransition.swift; sourceTree = "<group>"; };
		5ECFB29D2501132800ED94EA /* InstantPanGestureRecognizer.swift */ = {isa = PBXFileReference; fileEncoding = 4; lastKnownFileType = sourcecode.swift; path = InstantPanGestureRecognizer.swift; sourceTree = "<group>"; };
		5ECFB29F2501132800ED94EA /* PresentationController.swift */ = {isa = PBXFileReference; fileEncoding = 4; lastKnownFileType = sourcecode.swift; path = PresentationController.swift; sourceTree = "<group>"; };
		5ECFB2A02501132800ED94EA /* DarkenedPresentationController.swift */ = {isa = PBXFileReference; fileEncoding = 4; lastKnownFileType = sourcecode.swift; path = DarkenedPresentationController.swift; sourceTree = "<group>"; };
		5ECFB2A22501132800ED94EA /* PresentAnimation.swift */ = {isa = PBXFileReference; fileEncoding = 4; lastKnownFileType = sourcecode.swift; path = PresentAnimation.swift; sourceTree = "<group>"; };
		5ECFB2A32501132800ED94EA /* DismissAnimation.swift */ = {isa = PBXFileReference; fileEncoding = 4; lastKnownFileType = sourcecode.swift; path = DismissAnimation.swift; sourceTree = "<group>"; };
		5ECFB2A42501132800ED94EA /* TransitionDirection.swift */ = {isa = PBXFileReference; fileEncoding = 4; lastKnownFileType = sourcecode.swift; path = TransitionDirection.swift; sourceTree = "<group>"; };
		5EEE76DD25013F7C00D7D530 /* PanGestureRecognizer.swift */ = {isa = PBXFileReference; lastKnownFileType = sourcecode.swift; path = PanGestureRecognizer.swift; sourceTree = "<group>"; };
		5EFD898624FE251E00A39838 /* HistoricalViewController.swift */ = {isa = PBXFileReference; lastKnownFileType = sourcecode.swift; path = HistoricalViewController.swift; sourceTree = "<group>"; };
		5EFD898824FE458200A39838 /* PickerViewController.swift */ = {isa = PBXFileReference; lastKnownFileType = sourcecode.swift; path = PickerViewController.swift; sourceTree = "<group>"; };
/* End PBXFileReference section */

/* Begin PBXFrameworksBuildPhase section */
		5E419EC024B5A855006421F6 /* Frameworks */ = {
			isa = PBXFrameworksBuildPhase;
			buildActionMask = 2147483647;
			files = (
			);
			runOnlyForDeploymentPostprocessing = 0;
		};
		5E419ED624B5A858006421F6 /* Frameworks */ = {
			isa = PBXFrameworksBuildPhase;
			buildActionMask = 2147483647;
			files = (
			);
			runOnlyForDeploymentPostprocessing = 0;
		};
/* End PBXFrameworksBuildPhase section */

/* Begin PBXGroup section */
		5E05CD9124BF340700EB2EF3 /* Standings */ = {
			isa = PBXGroup;
			children = (
				5E05CD8B24BF28E600EB2EF3 /* CommonDriver.swift */,
				5E05CD8F24BF2B8F00EB2EF3 /* Driver.swift */,
				5E05CD9324BF354A00EB2EF3 /* CommonConstructor.swift */,
				5E05CD8D24BF2B8700EB2EF3 /* Constructor.swift */,
			);
			path = Standings;
			sourceTree = "<group>";
		};
		5E14A14224BCA18C0058305B /* Models */ = {
			isa = PBXGroup;
			children = (
				5EA886F524D165EB0079EDDC /* News */,
				5E05CD9124BF340700EB2EF3 /* Standings */,
				5E65123824EFBB6700008D67 /* Races.swift */,
			);
			path = Models;
			sourceTree = "<group>";
		};
		5E40ECFB24B7551500E3AF1F /* Cells */ = {
			isa = PBXGroup;
			children = (
				5E40ECFC24B7552500E3AF1F /* Standings */,
				5E7DB97F24D05A6E0029C0EE /* NewsCell.swift */,
			);
			path = Cells;
			sourceTree = "<group>";
		};
		5E40ECFC24B7552500E3AF1F /* Standings */ = {
			isa = PBXGroup;
			children = (
				5E419EF524B5DBB0006421F6 /* StandingDriverCell.swift */,
				5E40ECF524B7400700E3AF1F /* StandingConstructorCell.swift */,
				5E40ECFD24B7552E00E3AF1F /* DriverAndConstructor */,
			);
			path = Standings;
			sourceTree = "<group>";
		};
		5E40ECFD24B7552E00E3AF1F /* DriverAndConstructor */ = {
			isa = PBXGroup;
			children = (
				5E419EFA24B5F3C3006421F6 /* DriversCell.swift */,
				5E40ECF924B74BA100E3AF1F /* ConstructorCell.swift */,
			);
			path = DriverAndConstructor;
			sourceTree = "<group>";
		};
		5E419EBA24B5A855006421F6 = {
			isa = PBXGroup;
			children = (
				5E8662CB24E2C7BA00064D4E /* README.md */,
				5E8662D024E2D6B000064D4E /* presentation.gif */,
				5E8662CE24E2CE9500064D4E /* AppIncludes.jpg */,
				5E419EC524B5A855006421F6 /* F1 Space */,
				5E419EDC24B5A858006421F6 /* F1 SpaceTests */,
				5E419EC424B5A855006421F6 /* Products */,
			);
			sourceTree = "<group>";
		};
		5E419EC424B5A855006421F6 /* Products */ = {
			isa = PBXGroup;
			children = (
				5E419EC324B5A855006421F6 /* F1 Space.app */,
				5E419ED924B5A858006421F6 /* F1 SpaceTests.xctest */,
			);
			name = Products;
			sourceTree = "<group>";
		};
		5E419EC524B5A855006421F6 /* F1 Space */ = {
			isa = PBXGroup;
			children = (
				5E419EF224B5B44A006421F6 /* Common */,
				5E47BBFF24C07BB6002D8261 /* Services */,
				5E14A14224BCA18C0058305B /* Models */,
				5EAC214824C8245D00A65A7A /* Protocols */,
				5EC60D6924C18DF7009C66CC /* ViewModels */,
				5E419EF724B5DC7B006421F6 /* Views */,
				5E419ECF24B5A858006421F6 /* Assets.xcassets */,
				5E419EC624B5A855006421F6 /* AppDelegate.swift */,
				5E419EC824B5A855006421F6 /* SceneDelegate.swift */,
				5E419ED124B5A858006421F6 /* LaunchScreen.storyboard */,
				5E419ED424B5A858006421F6 /* Info.plist */,
			);
			path = "F1 Space";
			sourceTree = "<group>";
		};
		5E419EDC24B5A858006421F6 /* F1 SpaceTests */ = {
			isa = PBXGroup;
			children = (
				5E419EEB24B5AAC6006421F6 /* StartingTestFiles */,
			);
			path = "F1 SpaceTests";
			sourceTree = "<group>";
		};
		5E419EEB24B5AAC6006421F6 /* StartingTestFiles */ = {
			isa = PBXGroup;
			children = (
				5E419EDD24B5A858006421F6 /* F1_SpaceTests.swift */,
				5E419EDF24B5A858006421F6 /* Info.plist */,
			);
			path = StartingTestFiles;
			sourceTree = "<group>";
		};
		5E419EF224B5B44A006421F6 /* Common */ = {
			isa = PBXGroup;
			children = (
				5E419EFC24B5FAC9006421F6 /* Fonts */,
				5ECFB2982501132800ED94EA /* Transition */,
				5E419EF024B5B433006421F6 /* Layout.swift */,
				5EA886F624D191730079EDDC /* String.swift */,
				5E419F0924B60E1F006421F6 /* StackView.swift */,
				5EA886F824D1A9A60079EDDC /* Formatter.swift */,
				5E05CD8924BEF23900EB2EF3 /* ConstructorsColor.swift */,
			);
			path = Common;
			sourceTree = "<group>";
		};
		5E419EF724B5DC7B006421F6 /* Views */ = {
			isa = PBXGroup;
			children = (
				5E4A6A9C24D84A190077CDBC /* Views */,
				5E40ECFB24B7551500E3AF1F /* Cells */,
				5E82B52424C5E49100377859 /* Controllers */,
				5EFD898624FE251E00A39838 /* HistoricalViewController.swift */,
				5EFD898824FE458200A39838 /* PickerViewController.swift */,
				5EFD898524FE248400A39838 /* New Group */,
			);
			path = Views;
			sourceTree = "<group>";
		};
		5E419EFC24B5FAC9006421F6 /* Fonts */ = {
			isa = PBXGroup;
			children = (
				5E419F0324B5FB0D006421F6 /* Formula1-Black.ttf */,
				5E419F0124B5FB08006421F6 /* Formula1-Bold.ttf */,
				5E419EFF24B5FB01006421F6 /* Formula1-Wide.ttf */,
				5E419EFD24B5FAF6006421F6 /* Formula1-Regular.ttf */,
			);
			path = Fonts;
			sourceTree = "<group>";
		};
		5E47BBFF24C07BB6002D8261 /* Services */ = {
			isa = PBXGroup;
			children = (
				5E14A14324BCA1A90058305B /* API.swift */,
				5EA886F124D164F30079EDDC /* RSS.swift */,
			);
			path = Services;
			sourceTree = "<group>";
		};
		5E4A6A9724D7EE1C0077CDBC /* NewsVM */ = {
			isa = PBXGroup;
			children = (
				5E4A6A9524D7EE100077CDBC /* NewsViewModel.swift */,
				5E4A6A9824D7EEB30077CDBC /* NewsCellViewModel.swift */,
				5E4A6A9A24D82E210077CDBC /* DetailNewsViewModel.swift */,
			);
			path = NewsVM;
			sourceTree = "<group>";
		};
		5E4A6A9C24D84A190077CDBC /* Views */ = {
			isa = PBXGroup;
			children = (
				5E5F1B3924D5F37F00F81366 /* RefreshView.swift */,
				5E4A6A9E24D84D800077CDBC /* ActivityIndicator */,
			);
			path = Views;
			sourceTree = "<group>";
		};
		5E4A6A9E24D84D800077CDBC /* ActivityIndicator */ = {
			isa = PBXGroup;
			children = (
				5E5F1B3124D5600200F81366 /* CustromActivityIndicator.swift */,
				5E5F1B3724D5DDE300F81366 /* CustomAnimationActivityIndicator.swift */,
			);
			path = ActivityIndicator;
			sourceTree = "<group>";
		};
		5E7DB97E24D0544F0029C0EE /* News */ = {
			isa = PBXGroup;
			children = (
				5E7DB97C24D054420029C0EE /* NewsViewController.swift */,
				5EA886FA24D1FE270079EDDC /* DetailNewsViewController.swift */,
			);
			path = News;
			sourceTree = "<group>";
		};
		5E82B52324C5D6B100377859 /* Constructor */ = {
			isa = PBXGroup;
			children = (
				5E82B51F24C5D6A100377859 /* ConstructorViewModel.swift */,
				5E82B52124C5D6AC00377859 /* ConstructorCellViewModel.swift */,
			);
			path = Constructor;
			sourceTree = "<group>";
		};
		5E82B52424C5E49100377859 /* Controllers */ = {
			isa = PBXGroup;
			children = (
				5E7DB97E24D0544F0029C0EE /* News */,
				5EAC214A24C824F100A65A7A /* StandingsVC */,
				5E82B52524C5E4A100377859 /* TabBar */,
			);
			path = Controllers;
			sourceTree = "<group>";
		};
		5E82B52524C5E4A100377859 /* TabBar */ = {
			isa = PBXGroup;
			children = (
				5E419EEC24B5AB86006421F6 /* FormulaTabBarController.swift */,
			);
			path = TabBar;
			sourceTree = "<group>";
		};
		5E9EB95024C2D96600023668 /* Driver */ = {
			isa = PBXGroup;
			children = (
				5EC60D6724C18DBD009C66CC /* DriverViewModel.swift */,
				5EC60D6B24C1FD4E009C66CC /* DriverCellViewModel.swift */,
			);
			path = Driver;
			sourceTree = "<group>";
		};
		5EA886F524D165EB0079EDDC /* News */ = {
			isa = PBXGroup;
			children = (
				5EA886F324D165DD0079EDDC /* Article.swift */,
			);
			path = News;
			sourceTree = "<group>";
		};
		5EAC214824C8245D00A65A7A /* Protocols */ = {
			isa = PBXGroup;
			children = (
				5EAC214624C8244F00A65A7A /* DataSourceViewModelType.swift */,
			);
			path = Protocols;
			sourceTree = "<group>";
		};
		5EAC214924C824A900A65A7A /* StandingsVM */ = {
			isa = PBXGroup;
			children = (
				5E9EB95124C2D99A00023668 /* StandingsViewModel.swift */,
				5E9EB95324C2DA2D00023668 /* StandingsCellViewModel.swift */,
				5E9EB95024C2D96600023668 /* Driver */,
				5E82B52324C5D6B100377859 /* Constructor */,
			);
			path = StandingsVM;
			sourceTree = "<group>";
		};
		5EAC214A24C824F100A65A7A /* StandingsVC */ = {
			isa = PBXGroup;
			children = (
				5E419EE824B5A9AA006421F6 /* StandingsViewController.swift */,
				5EAC214B24C8250300A65A7A /* DriverAndConstructor */,
			);
			path = StandingsVC;
			sourceTree = "<group>";
		};
		5EAC214B24C8250300A65A7A /* DriverAndConstructor */ = {
			isa = PBXGroup;
			children = (
				5E419EF824B5DEC7006421F6 /* DriverViewController.swift */,
				5E40ECF724B74B8100E3AF1F /* ConstructorViewController.swift */,
			);
			path = DriverAndConstructor;
			sourceTree = "<group>";
		};
		5EC60D6924C18DF7009C66CC /* ViewModels */ = {
			isa = PBXGroup;
			children = (
				5E4A6A9724D7EE1C0077CDBC /* NewsVM */,
				5EAC214924C824A900A65A7A /* StandingsVM */,
			);
			path = ViewModels;
			sourceTree = "<group>";
		};
		5ECFB2982501132800ED94EA /* Transition */ = {
			isa = PBXGroup;
			children = (
				5ECFB29F2501132800ED94EA /* PresentationController.swift */,
				5ECFB2A02501132800ED94EA /* DarkenedPresentationController.swift */,
				5ECFB29C2501132800ED94EA /* PanelTransition.swift */,
				5ECFB29A2501132800ED94EA /* TransitionDriver.swift */,
				5ECFB2A12501132800ED94EA /* Animations */,
				5EEE76DF25013FFF00D7D530 /* Helpers */,
			);
			path = Transition;
			sourceTree = "<group>";
		};
		5ECFB2A12501132800ED94EA /* Animations */ = {
			isa = PBXGroup;
			children = (
				5ECFB2A22501132800ED94EA /* PresentAnimation.swift */,
				5ECFB2A32501132800ED94EA /* DismissAnimation.swift */,
			);
			path = Animations;
			sourceTree = "<group>";
		};
		5EEE76DF25013FFF00D7D530 /* Helpers */ = {
			isa = PBXGroup;
			children = (
				5ECFB2A42501132800ED94EA /* TransitionDirection.swift */,
				5EEE76DD25013F7C00D7D530 /* PanGestureRecognizer.swift */,
				5ECFB29D2501132800ED94EA /* InstantPanGestureRecognizer.swift */,
				5ECFB29B2501132800ED94EA /* CGPoint + Velocity.swift */,
			);
			path = Helpers;
			sourceTree = "<group>";
		};
		5EFD898524FE248400A39838 /* New Group */ = {
			isa = PBXGroup;
			children = (
				5E88B1A224EBA698006B7B51 /* ArchiveViewController.swift */,
				5E78687224F54A1A002E6A10 /* ArchiveCell.swift */,
				5E4B737424F7DEB40086F547 /* HeaderView.swift */,
				5E88B1A624EBCBC6006B7B51 /* ContainerPicker.swift */,
				5E88B1A824EC0D8E006B7B51 /* StandingsContainerView.swift */,
				5E65123624EFA2A800008D67 /* ContainerNum3.swift */,
			);
			path = "New Group";
			sourceTree = "<group>";
		};
/* End PBXGroup section */

/* Begin PBXNativeTarget section */
		5E419EC224B5A855006421F6 /* F1 Space */ = {
			isa = PBXNativeTarget;
			buildConfigurationList = 5E419EE224B5A858006421F6 /* Build configuration list for PBXNativeTarget "F1 Space" */;
			buildPhases = (
				5E419EBF24B5A855006421F6 /* Sources */,
				5E419EC024B5A855006421F6 /* Frameworks */,
				5E419EC124B5A855006421F6 /* Resources */,
			);
			buildRules = (
			);
			dependencies = (
			);
			name = "F1 Space";
			productName = "F1 Space";
			productReference = 5E419EC324B5A855006421F6 /* F1 Space.app */;
			productType = "com.apple.product-type.application";
		};
		5E419ED824B5A858006421F6 /* F1 SpaceTests */ = {
			isa = PBXNativeTarget;
			buildConfigurationList = 5E419EE524B5A858006421F6 /* Build configuration list for PBXNativeTarget "F1 SpaceTests" */;
			buildPhases = (
				5E419ED524B5A858006421F6 /* Sources */,
				5E419ED624B5A858006421F6 /* Frameworks */,
				5E419ED724B5A858006421F6 /* Resources */,
			);
			buildRules = (
			);
			dependencies = (
				5E419EDB24B5A858006421F6 /* PBXTargetDependency */,
			);
			name = "F1 SpaceTests";
			productName = "F1 SpaceTests";
			productReference = 5E419ED924B5A858006421F6 /* F1 SpaceTests.xctest */;
			productType = "com.apple.product-type.bundle.unit-test";
		};
/* End PBXNativeTarget section */

/* Begin PBXProject section */
		5E419EBB24B5A855006421F6 /* Project object */ = {
			isa = PBXProject;
			attributes = {
				LastSwiftUpdateCheck = 1150;
				LastUpgradeCheck = 1150;
				ORGANIZATIONNAME = "Nikita Sukachev";
				TargetAttributes = {
					5E419EC224B5A855006421F6 = {
						CreatedOnToolsVersion = 11.5;
					};
					5E419ED824B5A858006421F6 = {
						CreatedOnToolsVersion = 11.5;
						TestTargetID = 5E419EC224B5A855006421F6;
					};
				};
			};
			buildConfigurationList = 5E419EBE24B5A855006421F6 /* Build configuration list for PBXProject "F1 Space" */;
			compatibilityVersion = "Xcode 9.3";
			developmentRegion = en;
			hasScannedForEncodings = 0;
			knownRegions = (
				en,
				Base,
			);
			mainGroup = 5E419EBA24B5A855006421F6;
			productRefGroup = 5E419EC424B5A855006421F6 /* Products */;
			projectDirPath = "";
			projectRoot = "";
			targets = (
				5E419EC224B5A855006421F6 /* F1 Space */,
				5E419ED824B5A858006421F6 /* F1 SpaceTests */,
			);
		};
/* End PBXProject section */

/* Begin PBXResourcesBuildPhase section */
		5E419EC124B5A855006421F6 /* Resources */ = {
			isa = PBXResourcesBuildPhase;
			buildActionMask = 2147483647;
			files = (
				5E8662D124E2D6B000064D4E /* presentation.gif in Resources */,
				5E419ED324B5A858006421F6 /* LaunchScreen.storyboard in Resources */,
				5E419F0424B5FB0D006421F6 /* Formula1-Black.ttf in Resources */,
				5E419ED024B5A858006421F6 /* Assets.xcassets in Resources */,
				5E419F0224B5FB08006421F6 /* Formula1-Bold.ttf in Resources */,
				5E8662CF24E2CE9500064D4E /* AppIncludes.jpg in Resources */,
				5E419F0024B5FB01006421F6 /* Formula1-Wide.ttf in Resources */,
				5E419EFE24B5FAF6006421F6 /* Formula1-Regular.ttf in Resources */,
			);
			runOnlyForDeploymentPostprocessing = 0;
		};
		5E419ED724B5A858006421F6 /* Resources */ = {
			isa = PBXResourcesBuildPhase;
			buildActionMask = 2147483647;
			files = (
			);
			runOnlyForDeploymentPostprocessing = 0;
		};
/* End PBXResourcesBuildPhase section */

/* Begin PBXSourcesBuildPhase section */
		5E419EBF24B5A855006421F6 /* Sources */ = {
			isa = PBXSourcesBuildPhase;
			buildActionMask = 2147483647;
			files = (
				5E65123924EFBB6700008D67 /* Races.swift in Sources */,
				5E05CD8C24BF28E600EB2EF3 /* CommonDriver.swift in Sources */,
				5EFD898724FE251E00A39838 /* HistoricalViewController.swift in Sources */,
				5E7DB98024D05A6E0029C0EE /* NewsCell.swift in Sources */,
				5EA886F724D191730079EDDC /* String.swift in Sources */,
				5ECFB2AE2501132800ED94EA /* TransitionDirection.swift in Sources */,
				5ECFB2A82501132800ED94EA /* PanelTransition.swift in Sources */,
				5E5F1B3224D5600200F81366 /* CustromActivityIndicator.swift in Sources */,
				5E419EC724B5A855006421F6 /* AppDelegate.swift in Sources */,
				5E419EF924B5DEC7006421F6 /* DriverViewController.swift in Sources */,
				5E4A6A9B24D82E210077CDBC /* DetailNewsViewModel.swift in Sources */,
				5E5F1B3A24D5F37F00F81366 /* RefreshView.swift in Sources */,
				5EAC214724C8244F00A65A7A /* DataSourceViewModelType.swift in Sources */,
				5E4B737524F7DEB40086F547 /* HeaderView.swift in Sources */,
				5ECFB2A92501132800ED94EA /* InstantPanGestureRecognizer.swift in Sources */,
				5EC60D6824C18DBD009C66CC /* DriverViewModel.swift in Sources */,
				5E419EC924B5A855006421F6 /* SceneDelegate.swift in Sources */,
				5EA886FB24D1FE270079EDDC /* DetailNewsViewController.swift in Sources */,
				5E5F1B3824D5DDE300F81366 /* CustomAnimationActivityIndicator.swift in Sources */,
				5E419EFB24B5F3C3006421F6 /* DriversCell.swift in Sources */,
				5E9EB95424C2DA2D00023668 /* StandingsCellViewModel.swift in Sources */,
				5ECFB2AA2501132800ED94EA /* PresentationController.swift in Sources */,
				5ECFB2AD2501132800ED94EA /* DismissAnimation.swift in Sources */,
				5EA886F924D1A9A60079EDDC /* Formatter.swift in Sources */,
				5E05CD9424BF354A00EB2EF3 /* CommonConstructor.swift in Sources */,
				5E05CD8A24BEF23900EB2EF3 /* ConstructorsColor.swift in Sources */,
				5ECFB2AB2501132800ED94EA /* DarkenedPresentationController.swift in Sources */,
				5E419EF124B5B433006421F6 /* Layout.swift in Sources */,
				5E88B1A924EC0D8E006B7B51 /* StandingsContainerView.swift in Sources */,
				5E82B52024C5D6A100377859 /* ConstructorViewModel.swift in Sources */,
				5E4A6A9624D7EE100077CDBC /* NewsViewModel.swift in Sources */,
				5ECFB2A72501132800ED94EA /* CGPoint + Velocity.swift in Sources */,
				5E82B52224C5D6AC00377859 /* ConstructorCellViewModel.swift in Sources */,
				5EA886F424D165DD0079EDDC /* Article.swift in Sources */,
				5EEE76DE25013F7C00D7D530 /* PanGestureRecognizer.swift in Sources */,
				5ECFB2AC2501132800ED94EA /* PresentAnimation.swift in Sources */,
				5E419EED24B5AB86006421F6 /* FormulaTabBarController.swift in Sources */,
				5E40ECFA24B74BA100E3AF1F /* ConstructorCell.swift in Sources */,
				5E88B1A724EBCBC6006B7B51 /* ContainerPicker.swift in Sources */,
				5E4A6A9924D7EEB30077CDBC /* NewsCellViewModel.swift in Sources */,
				5EA886F224D164F30079EDDC /* RSS.swift in Sources */,
				5E78687324F54A1A002E6A10 /* ArchiveCell.swift in Sources */,
				5E40ECF624B7400700E3AF1F /* StandingConstructorCell.swift in Sources */,
				5E88B1A324EBA698006B7B51 /* ArchiveViewController.swift in Sources */,
				5E05CD8E24BF2B8700EB2EF3 /* Constructor.swift in Sources */,
				5E419F0A24B60E1F006421F6 /* StackView.swift in Sources */,
				5E419EE924B5A9AA006421F6 /* StandingsViewController.swift in Sources */,
				5E7DB97D24D054420029C0EE /* NewsViewController.swift in Sources */,
				5E419EF624B5DBB0006421F6 /* StandingDriverCell.swift in Sources */,
				5EC60D6C24C1FD4E009C66CC /* DriverCellViewModel.swift in Sources */,
				5E05CD9024BF2B8F00EB2EF3 /* Driver.swift in Sources */,
				5E65123724EFA2A800008D67 /* ContainerNum3.swift in Sources */,
				5EFD898924FE458200A39838 /* PickerViewController.swift in Sources */,
				5E9EB95224C2D99A00023668 /* StandingsViewModel.swift in Sources */,
				5E14A14424BCA1A90058305B /* API.swift in Sources */,
				5ECFB2A62501132800ED94EA /* TransitionDriver.swift in Sources */,
				5E40ECF824B74B8100E3AF1F /* ConstructorViewController.swift in Sources */,
			);
			runOnlyForDeploymentPostprocessing = 0;
		};
		5E419ED524B5A858006421F6 /* Sources */ = {
			isa = PBXSourcesBuildPhase;
			buildActionMask = 2147483647;
			files = (
				5E419EDE24B5A858006421F6 /* F1_SpaceTests.swift in Sources */,
			);
			runOnlyForDeploymentPostprocessing = 0;
		};
/* End PBXSourcesBuildPhase section */

/* Begin PBXTargetDependency section */
		5E419EDB24B5A858006421F6 /* PBXTargetDependency */ = {
			isa = PBXTargetDependency;
			target = 5E419EC224B5A855006421F6 /* F1 Space */;
			targetProxy = 5E419EDA24B5A858006421F6 /* PBXContainerItemProxy */;
		};
/* End PBXTargetDependency section */

/* Begin PBXVariantGroup section */
		5E419ED124B5A858006421F6 /* LaunchScreen.storyboard */ = {
			isa = PBXVariantGroup;
			children = (
				5E419ED224B5A858006421F6 /* Base */,
			);
			name = LaunchScreen.storyboard;
			sourceTree = "<group>";
		};
/* End PBXVariantGroup section */

/* Begin XCBuildConfiguration section */
		5E419EE024B5A858006421F6 /* Debug */ = {
			isa = XCBuildConfiguration;
			buildSettings = {
				ALWAYS_SEARCH_USER_PATHS = NO;
				CLANG_ANALYZER_NONNULL = YES;
				CLANG_ANALYZER_NUMBER_OBJECT_CONVERSION = YES_AGGRESSIVE;
				CLANG_CXX_LANGUAGE_STANDARD = "gnu++14";
				CLANG_CXX_LIBRARY = "libc++";
				CLANG_ENABLE_MODULES = YES;
				CLANG_ENABLE_OBJC_ARC = YES;
				CLANG_ENABLE_OBJC_WEAK = YES;
				CLANG_WARN_BLOCK_CAPTURE_AUTORELEASING = YES;
				CLANG_WARN_BOOL_CONVERSION = YES;
				CLANG_WARN_COMMA = YES;
				CLANG_WARN_CONSTANT_CONVERSION = YES;
				CLANG_WARN_DEPRECATED_OBJC_IMPLEMENTATIONS = YES;
				CLANG_WARN_DIRECT_OBJC_ISA_USAGE = YES_ERROR;
				CLANG_WARN_DOCUMENTATION_COMMENTS = YES;
				CLANG_WARN_EMPTY_BODY = YES;
				CLANG_WARN_ENUM_CONVERSION = YES;
				CLANG_WARN_INFINITE_RECURSION = YES;
				CLANG_WARN_INT_CONVERSION = YES;
				CLANG_WARN_NON_LITERAL_NULL_CONVERSION = YES;
				CLANG_WARN_OBJC_IMPLICIT_RETAIN_SELF = YES;
				CLANG_WARN_OBJC_LITERAL_CONVERSION = YES;
				CLANG_WARN_OBJC_ROOT_CLASS = YES_ERROR;
				CLANG_WARN_RANGE_LOOP_ANALYSIS = YES;
				CLANG_WARN_STRICT_PROTOTYPES = YES;
				CLANG_WARN_SUSPICIOUS_MOVE = YES;
				CLANG_WARN_UNGUARDED_AVAILABILITY = YES_AGGRESSIVE;
				CLANG_WARN_UNREACHABLE_CODE = YES;
				CLANG_WARN__DUPLICATE_METHOD_MATCH = YES;
				COPY_PHASE_STRIP = NO;
				DEBUG_INFORMATION_FORMAT = dwarf;
				ENABLE_STRICT_OBJC_MSGSEND = YES;
				ENABLE_TESTABILITY = YES;
				GCC_C_LANGUAGE_STANDARD = gnu11;
				GCC_DYNAMIC_NO_PIC = NO;
				GCC_NO_COMMON_BLOCKS = YES;
				GCC_OPTIMIZATION_LEVEL = 0;
				GCC_PREPROCESSOR_DEFINITIONS = (
					"DEBUG=1",
					"$(inherited)",
				);
				GCC_WARN_64_TO_32_BIT_CONVERSION = YES;
				GCC_WARN_ABOUT_RETURN_TYPE = YES_ERROR;
				GCC_WARN_UNDECLARED_SELECTOR = YES;
				GCC_WARN_UNINITIALIZED_AUTOS = YES_AGGRESSIVE;
				GCC_WARN_UNUSED_FUNCTION = YES;
				GCC_WARN_UNUSED_VARIABLE = YES;
				IPHONEOS_DEPLOYMENT_TARGET = 13.5;
				MTL_ENABLE_DEBUG_INFO = INCLUDE_SOURCE;
				MTL_FAST_MATH = YES;
				ONLY_ACTIVE_ARCH = YES;
				SDKROOT = iphoneos;
				SWIFT_ACTIVE_COMPILATION_CONDITIONS = DEBUG;
				SWIFT_OPTIMIZATION_LEVEL = "-Onone";
			};
			name = Debug;
		};
		5E419EE124B5A858006421F6 /* Release */ = {
			isa = XCBuildConfiguration;
			buildSettings = {
				ALWAYS_SEARCH_USER_PATHS = NO;
				CLANG_ANALYZER_NONNULL = YES;
				CLANG_ANALYZER_NUMBER_OBJECT_CONVERSION = YES_AGGRESSIVE;
				CLANG_CXX_LANGUAGE_STANDARD = "gnu++14";
				CLANG_CXX_LIBRARY = "libc++";
				CLANG_ENABLE_MODULES = YES;
				CLANG_ENABLE_OBJC_ARC = YES;
				CLANG_ENABLE_OBJC_WEAK = YES;
				CLANG_WARN_BLOCK_CAPTURE_AUTORELEASING = YES;
				CLANG_WARN_BOOL_CONVERSION = YES;
				CLANG_WARN_COMMA = YES;
				CLANG_WARN_CONSTANT_CONVERSION = YES;
				CLANG_WARN_DEPRECATED_OBJC_IMPLEMENTATIONS = YES;
				CLANG_WARN_DIRECT_OBJC_ISA_USAGE = YES_ERROR;
				CLANG_WARN_DOCUMENTATION_COMMENTS = YES;
				CLANG_WARN_EMPTY_BODY = YES;
				CLANG_WARN_ENUM_CONVERSION = YES;
				CLANG_WARN_INFINITE_RECURSION = YES;
				CLANG_WARN_INT_CONVERSION = YES;
				CLANG_WARN_NON_LITERAL_NULL_CONVERSION = YES;
				CLANG_WARN_OBJC_IMPLICIT_RETAIN_SELF = YES;
				CLANG_WARN_OBJC_LITERAL_CONVERSION = YES;
				CLANG_WARN_OBJC_ROOT_CLASS = YES_ERROR;
				CLANG_WARN_RANGE_LOOP_ANALYSIS = YES;
				CLANG_WARN_STRICT_PROTOTYPES = YES;
				CLANG_WARN_SUSPICIOUS_MOVE = YES;
				CLANG_WARN_UNGUARDED_AVAILABILITY = YES_AGGRESSIVE;
				CLANG_WARN_UNREACHABLE_CODE = YES;
				CLANG_WARN__DUPLICATE_METHOD_MATCH = YES;
				COPY_PHASE_STRIP = NO;
				DEBUG_INFORMATION_FORMAT = "dwarf-with-dsym";
				ENABLE_NS_ASSERTIONS = NO;
				ENABLE_STRICT_OBJC_MSGSEND = YES;
				GCC_C_LANGUAGE_STANDARD = gnu11;
				GCC_NO_COMMON_BLOCKS = YES;
				GCC_WARN_64_TO_32_BIT_CONVERSION = YES;
				GCC_WARN_ABOUT_RETURN_TYPE = YES_ERROR;
				GCC_WARN_UNDECLARED_SELECTOR = YES;
				GCC_WARN_UNINITIALIZED_AUTOS = YES_AGGRESSIVE;
				GCC_WARN_UNUSED_FUNCTION = YES;
				GCC_WARN_UNUSED_VARIABLE = YES;
				IPHONEOS_DEPLOYMENT_TARGET = 13.5;
				MTL_ENABLE_DEBUG_INFO = NO;
				MTL_FAST_MATH = YES;
				SDKROOT = iphoneos;
				SWIFT_COMPILATION_MODE = wholemodule;
				SWIFT_OPTIMIZATION_LEVEL = "-O";
				VALIDATE_PRODUCT = YES;
			};
			name = Release;
		};
		5E419EE324B5A858006421F6 /* Debug */ = {
			isa = XCBuildConfiguration;
			buildSettings = {
				ASSETCATALOG_COMPILER_APPICON_NAME = AppIcon;
				CODE_SIGN_STYLE = Automatic;
				DEVELOPMENT_TEAM = Q4947V4853;
				INFOPLIST_FILE = "$(SRCROOT)/F1 Space/Info.plist";
				LD_RUNPATH_SEARCH_PATHS = (
					"$(inherited)",
					"@executable_path/Frameworks",
				);
				PRODUCT_BUNDLE_IDENTIFIER = "skynetherside.F1-Space";
				PRODUCT_NAME = "$(TARGET_NAME)";
				SWIFT_VERSION = 5.0;
				TARGETED_DEVICE_FAMILY = 1;
			};
			name = Debug;
		};
		5E419EE424B5A858006421F6 /* Release */ = {
			isa = XCBuildConfiguration;
			buildSettings = {
				ASSETCATALOG_COMPILER_APPICON_NAME = AppIcon;
				CODE_SIGN_STYLE = Automatic;
				DEVELOPMENT_TEAM = Q4947V4853;
				INFOPLIST_FILE = "$(SRCROOT)/F1 Space/Info.plist";
				LD_RUNPATH_SEARCH_PATHS = (
					"$(inherited)",
					"@executable_path/Frameworks",
				);
				PRODUCT_BUNDLE_IDENTIFIER = "skynetherside.F1-Space";
				PRODUCT_NAME = "$(TARGET_NAME)";
				SWIFT_VERSION = 5.0;
				TARGETED_DEVICE_FAMILY = 1;
			};
			name = Release;
		};
		5E419EE624B5A858006421F6 /* Debug */ = {
			isa = XCBuildConfiguration;
			buildSettings = {
				ALWAYS_EMBED_SWIFT_STANDARD_LIBRARIES = YES;
				BUNDLE_LOADER = "$(TEST_HOST)";
				CODE_SIGN_STYLE = Automatic;
				DEVELOPMENT_TEAM = Q4947V4853;
				INFOPLIST_FILE = "F1 SpaceTests/Info.plist";
				IPHONEOS_DEPLOYMENT_TARGET = 13.5;
				LD_RUNPATH_SEARCH_PATHS = (
					"$(inherited)",
					"@executable_path/Frameworks",
					"@loader_path/Frameworks",
				);
				PRODUCT_BUNDLE_IDENTIFIER = "skynetherside.F1-SpaceTests";
				PRODUCT_NAME = "$(TARGET_NAME)";
				SWIFT_VERSION = 5.0;
				TARGETED_DEVICE_FAMILY = "1,2";
				TEST_HOST = "$(BUILT_PRODUCTS_DIR)/F1 Space.app/F1 Space";
			};
			name = Debug;
		};
		5E419EE724B5A858006421F6 /* Release */ = {
			isa = XCBuildConfiguration;
			buildSettings = {
				ALWAYS_EMBED_SWIFT_STANDARD_LIBRARIES = YES;
				BUNDLE_LOADER = "$(TEST_HOST)";
				CODE_SIGN_STYLE = Automatic;
				DEVELOPMENT_TEAM = Q4947V4853;
				INFOPLIST_FILE = "F1 SpaceTests/Info.plist";
				IPHONEOS_DEPLOYMENT_TARGET = 13.5;
				LD_RUNPATH_SEARCH_PATHS = (
					"$(inherited)",
					"@executable_path/Frameworks",
					"@loader_path/Frameworks",
				);
				PRODUCT_BUNDLE_IDENTIFIER = "skynetherside.F1-SpaceTests";
				PRODUCT_NAME = "$(TARGET_NAME)";
				SWIFT_VERSION = 5.0;
				TARGETED_DEVICE_FAMILY = "1,2";
				TEST_HOST = "$(BUILT_PRODUCTS_DIR)/F1 Space.app/F1 Space";
			};
			name = Release;
		};
/* End XCBuildConfiguration section */

/* Begin XCConfigurationList section */
		5E419EBE24B5A855006421F6 /* Build configuration list for PBXProject "F1 Space" */ = {
			isa = XCConfigurationList;
			buildConfigurations = (
				5E419EE024B5A858006421F6 /* Debug */,
				5E419EE124B5A858006421F6 /* Release */,
			);
			defaultConfigurationIsVisible = 0;
			defaultConfigurationName = Release;
		};
		5E419EE224B5A858006421F6 /* Build configuration list for PBXNativeTarget "F1 Space" */ = {
			isa = XCConfigurationList;
			buildConfigurations = (
				5E419EE324B5A858006421F6 /* Debug */,
				5E419EE424B5A858006421F6 /* Release */,
			);
			defaultConfigurationIsVisible = 0;
			defaultConfigurationName = Release;
		};
		5E419EE524B5A858006421F6 /* Build configuration list for PBXNativeTarget "F1 SpaceTests" */ = {
			isa = XCConfigurationList;
			buildConfigurations = (
				5E419EE624B5A858006421F6 /* Debug */,
				5E419EE724B5A858006421F6 /* Release */,
			);
			defaultConfigurationIsVisible = 0;
			defaultConfigurationName = Release;
		};
/* End XCConfigurationList section */
	};
	rootObject = 5E419EBB24B5A855006421F6 /* Project object */;
}
