// !$*UTF8*$!
{
	archiveVersion = 1;
	classes = {
	};
	objectVersion = 50;
	objects = {

/* Begin PBXBuildFile section */
		5E05CD8A24BEF23900EB2EF3 /* ConstructorsColor.swift in Sources */ = {isa = PBXBuildFile; fileRef = 5E05CD8924BEF23900EB2EF3 /* ConstructorsColor.swift */; };
		5E05CD8C24BF28E600EB2EF3 /* DriverStandingsGroup.swift in Sources */ = {isa = PBXBuildFile; fileRef = 5E05CD8B24BF28E600EB2EF3 /* DriverStandingsGroup.swift */; };
		5E05CD8E24BF2B8700EB2EF3 /* Constructor.swift in Sources */ = {isa = PBXBuildFile; fileRef = 5E05CD8D24BF2B8700EB2EF3 /* Constructor.swift */; };
		5E05CD9024BF2B8F00EB2EF3 /* Driver.swift in Sources */ = {isa = PBXBuildFile; fileRef = 5E05CD8F24BF2B8F00EB2EF3 /* Driver.swift */; };
		5E05CD9424BF354A00EB2EF3 /* ConstructorStandingsGroup.swift in Sources */ = {isa = PBXBuildFile; fileRef = 5E05CD9324BF354A00EB2EF3 /* ConstructorStandingsGroup.swift */; };
		5E14A14424BCA1A90058305B /* API.swift in Sources */ = {isa = PBXBuildFile; fileRef = 5E14A14324BCA1A90058305B /* API.swift */; };
		5E36135D25C6D28C00A461AE /* HistoricalViewModelDataSource.swift in Sources */ = {isa = PBXBuildFile; fileRef = 5E36135C25C6D28C00A461AE /* HistoricalViewModelDataSource.swift */; };
		5E36136125C6D2B000A461AE /* HistoricalViewModelDelegate.swift in Sources */ = {isa = PBXBuildFile; fileRef = 5E36136025C6D2B000A461AE /* HistoricalViewModelDelegate.swift */; };
		5E36136525C6D2EF00A461AE /* HistoricalViewModelProperty.swift in Sources */ = {isa = PBXBuildFile; fileRef = 5E36136425C6D2EF00A461AE /* HistoricalViewModelProperty.swift */; };
		5E36137025C6E0C500A461AE /* HistoricalPickerViewModelType.swift in Sources */ = {isa = PBXBuildFile; fileRef = 5E36136F25C6E0C500A461AE /* HistoricalPickerViewModelType.swift */; };
		5E36137825C6F1B800A461AE /* HistoricalPickerProperty.swift in Sources */ = {isa = PBXBuildFile; fileRef = 5E36137725C6F1B800A461AE /* HistoricalPickerProperty.swift */; };
		5E36137C25C6F31E00A461AE /* HistoricalPickerViewModelRequest.swift in Sources */ = {isa = PBXBuildFile; fileRef = 5E36137B25C6F31E00A461AE /* HistoricalPickerViewModelRequest.swift */; };
		5E36138025C6F69600A461AE /* HistoricalPickerViewModelDataSource.swift in Sources */ = {isa = PBXBuildFile; fileRef = 5E36137F25C6F69600A461AE /* HistoricalPickerViewModelDataSource.swift */; };
		5E36138425C6F6AF00A461AE /* HistoricalPickerViewModelDelegate.swift in Sources */ = {isa = PBXBuildFile; fileRef = 5E36138325C6F6AF00A461AE /* HistoricalPickerViewModelDelegate.swift */; };
		5E40ECF624B7400700E3AF1F /* StandingConstructorCell.swift in Sources */ = {isa = PBXBuildFile; fileRef = 5E40ECF524B7400700E3AF1F /* StandingConstructorCell.swift */; };
		5E40ECF824B74B8100E3AF1F /* ConstructorViewController.swift in Sources */ = {isa = PBXBuildFile; fileRef = 5E40ECF724B74B8100E3AF1F /* ConstructorViewController.swift */; };
		5E40ECFA24B74BA100E3AF1F /* ConstructorCell.swift in Sources */ = {isa = PBXBuildFile; fileRef = 5E40ECF924B74BA100E3AF1F /* ConstructorCell.swift */; };
		5E419EC724B5A855006421F6 /* AppDelegate.swift in Sources */ = {isa = PBXBuildFile; fileRef = 5E419EC624B5A855006421F6 /* AppDelegate.swift */; };
		5E419EC924B5A855006421F6 /* SceneDelegate.swift in Sources */ = {isa = PBXBuildFile; fileRef = 5E419EC824B5A855006421F6 /* SceneDelegate.swift */; };
		5E419ED024B5A858006421F6 /* Assets.xcassets in Resources */ = {isa = PBXBuildFile; fileRef = 5E419ECF24B5A858006421F6 /* Assets.xcassets */; };
		5E419ED324B5A858006421F6 /* LaunchScreen.storyboard in Resources */ = {isa = PBXBuildFile; fileRef = 5E419ED124B5A858006421F6 /* LaunchScreen.storyboard */; };
		5E419EDE24B5A858006421F6 /* F1_SpaceTests.swift in Sources */ = {isa = PBXBuildFile; fileRef = 5E419EDD24B5A858006421F6 /* F1_SpaceTests.swift */; };
		5E419EE924B5A9AA006421F6 /* StandingsViewController.swift in Sources */ = {isa = PBXBuildFile; fileRef = 5E419EE824B5A9AA006421F6 /* StandingsViewController.swift */; };
		5E419EF124B5B433006421F6 /* Layout.swift in Sources */ = {isa = PBXBuildFile; fileRef = 5E419EF024B5B433006421F6 /* Layout.swift */; };
		5E419EF624B5DBB0006421F6 /* StandingDriverCell.swift in Sources */ = {isa = PBXBuildFile; fileRef = 5E419EF524B5DBB0006421F6 /* StandingDriverCell.swift */; };
		5E419EF924B5DEC7006421F6 /* DriverViewController.swift in Sources */ = {isa = PBXBuildFile; fileRef = 5E419EF824B5DEC7006421F6 /* DriverViewController.swift */; };
		5E419EFB24B5F3C3006421F6 /* DriversCell.swift in Sources */ = {isa = PBXBuildFile; fileRef = 5E419EFA24B5F3C3006421F6 /* DriversCell.swift */; };
		5E419F0A24B60E1F006421F6 /* StackView.swift in Sources */ = {isa = PBXBuildFile; fileRef = 5E419F0924B60E1F006421F6 /* StackView.swift */; };
		5E4630A1255ECF6700635A3F /* Collector.swift in Sources */ = {isa = PBXBuildFile; fileRef = 5E4630A0255ECF6700635A3F /* Collector.swift */; };
		5E4645DB25C70D5F00A407B0 /* TabBarIconSetting.swift in Sources */ = {isa = PBXBuildFile; fileRef = 5E4645D925C70D5F00A407B0 /* TabBarIconSetting.swift */; };
		5E4645DC25C70D5F00A407B0 /* TabBarController.swift in Sources */ = {isa = PBXBuildFile; fileRef = 5E4645DA25C70D5F00A407B0 /* TabBarController.swift */; };
		5E47932025359CC500332FB4 /* HistoricalEnums.swift in Sources */ = {isa = PBXBuildFile; fileRef = 5E47931F25359CC500332FB4 /* HistoricalEnums.swift */; };
		5E4793312535AA5B00332FB4 /* HistoricalViewModelType.swift in Sources */ = {isa = PBXBuildFile; fileRef = 5E4793302535AA5B00332FB4 /* HistoricalViewModelType.swift */; };
		5E47933E2535ADBD00332FB4 /* HistoricalCellViewModel.swift in Sources */ = {isa = PBXBuildFile; fileRef = 5E47933D2535ADBD00332FB4 /* HistoricalCellViewModel.swift */; };
		5E4A6A9624D7EE100077CDBC /* NewsViewModel.swift in Sources */ = {isa = PBXBuildFile; fileRef = 5E4A6A9524D7EE100077CDBC /* NewsViewModel.swift */; };
		5E4A6A9924D7EEB30077CDBC /* NewsCellViewModel.swift in Sources */ = {isa = PBXBuildFile; fileRef = 5E4A6A9824D7EEB30077CDBC /* NewsCellViewModel.swift */; };
		5E4A6A9B24D82E210077CDBC /* DetailNewsViewModel.swift in Sources */ = {isa = PBXBuildFile; fileRef = 5E4A6A9A24D82E210077CDBC /* DetailNewsViewModel.swift */; };
		5E4C1D5A254AF76C00C1A3BB /* CurrentConstructorStandings.swift in Sources */ = {isa = PBXBuildFile; fileRef = 5E4C1D59254AF76C00C1A3BB /* CurrentConstructorStandings.swift */; };
		5E4C64B12563B9A8002DC545 /* HistoricalCellViewModelType.swift in Sources */ = {isa = PBXBuildFile; fileRef = 5E4C64B02563B9A8002DC545 /* HistoricalCellViewModelType.swift */; };
		5E4C64B9256402A4002DC545 /* ExtensionHistoricalPickerViewModel.swift in Sources */ = {isa = PBXBuildFile; fileRef = 5E4C64B8256402A4002DC545 /* ExtensionHistoricalPickerViewModel.swift */; };
		5E4CA1BE255D3A8900EA9F72 /* Optional.swift in Sources */ = {isa = PBXBuildFile; fileRef = 5E4CA1BD255D3A8900EA9F72 /* Optional.swift */; };
		5E4CA6E22519E1AB0035E6F6 /* HistoricalViewModel.swift in Sources */ = {isa = PBXBuildFile; fileRef = 5E4CA6E12519E1AB0035E6F6 /* HistoricalViewModel.swift */; };
		5E4E00BB25C96D3E009416DC /* HistoricalDriverStandingsViewModel.swift in Sources */ = {isa = PBXBuildFile; fileRef = 5E4E00BA25C96D3E009416DC /* HistoricalDriverStandingsViewModel.swift */; };
		5E4E00BF25C96DEC009416DC /* HistoricalDetailViewModelVariety.swift in Sources */ = {isa = PBXBuildFile; fileRef = 5E4E00BE25C96DEC009416DC /* HistoricalDetailViewModelVariety.swift */; };
		5E4E00C325C96E1D009416DC /* HistoricalDriverDetailViewModel.swift in Sources */ = {isa = PBXBuildFile; fileRef = 5E4E00C225C96E1D009416DC /* HistoricalDriverDetailViewModel.swift */; };
		5E4E00C725C96E7E009416DC /* HistoricalConstructorStandingsViewModel.swift in Sources */ = {isa = PBXBuildFile; fileRef = 5E4E00C625C96E7E009416DC /* HistoricalConstructorStandingsViewModel.swift */; };
		5E4E00CB25C96EBB009416DC /* HistoricalConstructorDetailViewModel.swift in Sources */ = {isa = PBXBuildFile; fileRef = 5E4E00CA25C96EBB009416DC /* HistoricalConstructorDetailViewModel.swift */; };
		5E4E00D125C96FE3009416DC /* HistoricalRacesViewModel.swift in Sources */ = {isa = PBXBuildFile; fileRef = 5E4E00D025C96FE3009416DC /* HistoricalRacesViewModel.swift */; };
		5E4E00D525C9700A009416DC /* HistoricalRaceDetailViewModel.swift in Sources */ = {isa = PBXBuildFile; fileRef = 5E4E00D425C9700A009416DC /* HistoricalRaceDetailViewModel.swift */; };
		5E4E00D925C9705B009416DC /* HistoricalDriverStandingsViewController.swift in Sources */ = {isa = PBXBuildFile; fileRef = 5E4E00D825C9705B009416DC /* HistoricalDriverStandingsViewController.swift */; };
		5E4E00DD25C970BA009416DC /* HistoricalDriverDetailViewController.swift in Sources */ = {isa = PBXBuildFile; fileRef = 5E4E00DC25C970BA009416DC /* HistoricalDriverDetailViewController.swift */; };
		5E4E00E125C970DE009416DC /* HistoricalConstructorStandingsViewController.swift in Sources */ = {isa = PBXBuildFile; fileRef = 5E4E00E025C970DE009416DC /* HistoricalConstructorStandingsViewController.swift */; };
		5E4E00E525C97110009416DC /* HistoricalConstructorDetailViewController.swift in Sources */ = {isa = PBXBuildFile; fileRef = 5E4E00E425C97110009416DC /* HistoricalConstructorDetailViewController.swift */; };
		5E4E00E925C97124009416DC /* HistoricalRacesViewController.swift in Sources */ = {isa = PBXBuildFile; fileRef = 5E4E00E825C97124009416DC /* HistoricalRacesViewController.swift */; };
		5E4E00ED25C97145009416DC /* HistoricalRaceDetailViewController.swift in Sources */ = {isa = PBXBuildFile; fileRef = 5E4E00EC25C97145009416DC /* HistoricalRaceDetailViewController.swift */; };
		5E50BEEE2510D81A0025963F /* HistoricalPickerResult.swift in Sources */ = {isa = PBXBuildFile; fileRef = 5E50BEED2510D81A0025963F /* HistoricalPickerResult.swift */; };
		5E50BEF02510D9340025963F /* HistoricalPickerSelectedDelegate.swift in Sources */ = {isa = PBXBuildFile; fileRef = 5E50BEEF2510D9340025963F /* HistoricalPickerSelectedDelegate.swift */; };
		5E510D18251C833100584EE2 /* HistoricalCell.swift in Sources */ = {isa = PBXBuildFile; fileRef = 5E510D17251C833100584EE2 /* HistoricalCell.swift */; };
		5E510D1E251CC11D00584EE2 /* HistoricalDriverStrategy.swift in Sources */ = {isa = PBXBuildFile; fileRef = 5E510D1D251CC11D00584EE2 /* HistoricalDriverStrategy.swift */; };
		5E5361442579031D00307425 /* Colors.swift in Sources */ = {isa = PBXBuildFile; fileRef = 5E5361432579031D00307425 /* Colors.swift */; };
		5E5C0D5025B817CB006306EF /* UIButton.swift in Sources */ = {isa = PBXBuildFile; fileRef = 5E5C0D4F25B817CB006306EF /* UIButton.swift */; };
		5E5F1B3224D5600200F81366 /* CustromActivityIndicator.swift in Sources */ = {isa = PBXBuildFile; fileRef = 5E5F1B3124D5600200F81366 /* CustromActivityIndicator.swift */; };
		5E5F1B3824D5DDE300F81366 /* CustomAnimationActivityIndicator.swift in Sources */ = {isa = PBXBuildFile; fileRef = 5E5F1B3724D5DDE300F81366 /* CustomAnimationActivityIndicator.swift */; };
		5E5F1B3A24D5F37F00F81366 /* RefreshView.swift in Sources */ = {isa = PBXBuildFile; fileRef = 5E5F1B3924D5F37F00F81366 /* RefreshView.swift */; };
		5E5FCB622513438F00618534 /* HistoricalPickerViewModel.swift in Sources */ = {isa = PBXBuildFile; fileRef = 5E5FCB612513438F00618534 /* HistoricalPickerViewModel.swift */; };
		5E65123924EFBB6700008D67 /* RaceResult.swift in Sources */ = {isa = PBXBuildFile; fileRef = 5E65123824EFBB6700008D67 /* RaceResult.swift */; };
		5E6932BF252DA1BD0045E030 /* HistoricalHeader.swift in Sources */ = {isa = PBXBuildFile; fileRef = 5E6932BE252DA1BD0045E030 /* HistoricalHeader.swift */; };
		5E6A132A252EE8FF0012CFEC /* HistoricalStandingsStrategy.swift in Sources */ = {isa = PBXBuildFile; fileRef = 5E6A1329252EE8FF0012CFEC /* HistoricalStandingsStrategy.swift */; };
		5E6A1330252EF4300012CFEC /* HistoricalStandings.swift in Sources */ = {isa = PBXBuildFile; fileRef = 5E6A132F252EF4300012CFEC /* HistoricalStandings.swift */; };
		5E6A1337252F002F0012CFEC /* HistoricalStandingsHeader.swift in Sources */ = {isa = PBXBuildFile; fileRef = 5E6A1336252F002F0012CFEC /* HistoricalStandingsHeader.swift */; };
		5E6A133B252F01E80012CFEC /* Season.swift in Sources */ = {isa = PBXBuildFile; fileRef = 5E6A133A252F01E80012CFEC /* Season.swift */; };
		5E6A133F252F04D30012CFEC /* AuxiliaryNumbering.swift in Sources */ = {isa = PBXBuildFile; fileRef = 5E6A133E252F04D30012CFEC /* AuxiliaryNumbering.swift */; };
		5E6A1349252F0D4D0012CFEC /* HistoricalConstructorStrategy.swift in Sources */ = {isa = PBXBuildFile; fileRef = 5E6A1348252F0D4D0012CFEC /* HistoricalConstructorStrategy.swift */; };
		5E6A6DBC25B86E8100EC79E1 /* UIVIewGradient.swift in Sources */ = {isa = PBXBuildFile; fileRef = 5E6A6DBB25B86E8100EC79E1 /* UIVIewGradient.swift */; };
		5E74F75C253EC799005C67C0 /* DriverDetail.swift in Sources */ = {isa = PBXBuildFile; fileRef = 5E74F75B253EC799005C67C0 /* DriverDetail.swift */; };
		5E7DB97D24D054420029C0EE /* NewsViewController.swift in Sources */ = {isa = PBXBuildFile; fileRef = 5E7DB97C24D054420029C0EE /* NewsViewController.swift */; };
		5E7DB98024D05A6E0029C0EE /* NewsCell.swift in Sources */ = {isa = PBXBuildFile; fileRef = 5E7DB97F24D05A6E0029C0EE /* NewsCell.swift */; };
		5E82AC9E253838C40015A168 /* HistoricalHeaderViewModel.swift in Sources */ = {isa = PBXBuildFile; fileRef = 5E82AC9D253838C40015A168 /* HistoricalHeaderViewModel.swift */; };
		5E82ACA525387A9C0015A168 /* HistoricalRaceStrategy.swift in Sources */ = {isa = PBXBuildFile; fileRef = 5E82ACA425387A9C0015A168 /* HistoricalRaceStrategy.swift */; };
		5E82B52024C5D6A100377859 /* ConstructorViewModel.swift in Sources */ = {isa = PBXBuildFile; fileRef = 5E82B51F24C5D6A100377859 /* ConstructorViewModel.swift */; };
		5E82B52224C5D6AC00377859 /* ConstructorCellViewModel.swift in Sources */ = {isa = PBXBuildFile; fileRef = 5E82B52124C5D6AC00377859 /* ConstructorCellViewModel.swift */; };
		5E83481425C1580000392D46 /* Array.swift in Sources */ = {isa = PBXBuildFile; fileRef = 5E83481325C1580000392D46 /* Array.swift */; };
		5E8467CF25B8166200D6B559 /* Formula1-Bold.ttf in Resources */ = {isa = PBXBuildFile; fileRef = 5E8467CB25B8166200D6B559 /* Formula1-Bold.ttf */; };
		5E8467D025B8166200D6B559 /* Formula1-Wide.ttf in Resources */ = {isa = PBXBuildFile; fileRef = 5E8467CC25B8166200D6B559 /* Formula1-Wide.ttf */; };
		5E8467D125B8166200D6B559 /* Formula1-Black.ttf in Resources */ = {isa = PBXBuildFile; fileRef = 5E8467CD25B8166200D6B559 /* Formula1-Black.ttf */; };
		5E8467D225B8166200D6B559 /* Formula1-Regular.ttf in Resources */ = {isa = PBXBuildFile; fileRef = 5E8467CE25B8166200D6B559 /* Formula1-Regular.ttf */; };
		5E8662CF24E2CE9500064D4E /* AppIncludes.jpg in Resources */ = {isa = PBXBuildFile; fileRef = 5E8662CE24E2CE9500064D4E /* AppIncludes.jpg */; };
		5E8662D124E2D6B000064D4E /* presentation.gif in Resources */ = {isa = PBXBuildFile; fileRef = 5E8662D024E2D6B000064D4E /* presentation.gif */; };
		5E8E01AF255147E800A52CDD /* RacesDetail.swift in Sources */ = {isa = PBXBuildFile; fileRef = 5E8E01AE255147E800A52CDD /* RacesDetail.swift */; };
		5E8E01B3255155BD00A52CDD /* HistoricalRaceDetailStrategy.swift in Sources */ = {isa = PBXBuildFile; fileRef = 5E8E01B2255155BD00A52CDD /* HistoricalRaceDetailStrategy.swift */; };
		5E90F96F255AC5900088EAAD /* ConstructorParticipated.swift in Sources */ = {isa = PBXBuildFile; fileRef = 5E90F96E255AC5900088EAAD /* ConstructorParticipated.swift */; };
		5E90F97D255AD24D0088EAAD /* TwoOptions.swift in Sources */ = {isa = PBXBuildFile; fileRef = 5E90F97C255AD24D0088EAAD /* TwoOptions.swift */; };
		5E912FA8257F9D6A00F48A07 /* HistoricalViewType.swift in Sources */ = {isa = PBXBuildFile; fileRef = 5E912FA7257F9D6A00F48A07 /* HistoricalViewType.swift */; };
		5E9EB95224C2D99A00023668 /* StandingsViewModel.swift in Sources */ = {isa = PBXBuildFile; fileRef = 5E9EB95124C2D99A00023668 /* StandingsViewModel.swift */; };
		5E9EB95424C2DA2D00023668 /* StandingsCellViewModel.swift in Sources */ = {isa = PBXBuildFile; fileRef = 5E9EB95324C2DA2D00023668 /* StandingsCellViewModel.swift */; };
		5E9F90DD25B723DA00040EC9 /* UIImage.swift in Sources */ = {isa = PBXBuildFile; fileRef = 5E9F90DC25B723DA00040EC9 /* UIImage.swift */; };
		5EA886F224D164F30079EDDC /* RSS.swift in Sources */ = {isa = PBXBuildFile; fileRef = 5EA886F124D164F30079EDDC /* RSS.swift */; };
		5EA886F424D165DD0079EDDC /* Article.swift in Sources */ = {isa = PBXBuildFile; fileRef = 5EA886F324D165DD0079EDDC /* Article.swift */; };
		5EA886F724D191730079EDDC /* String.swift in Sources */ = {isa = PBXBuildFile; fileRef = 5EA886F624D191730079EDDC /* String.swift */; };
		5EA886F924D1A9A60079EDDC /* Formatter.swift in Sources */ = {isa = PBXBuildFile; fileRef = 5EA886F824D1A9A60079EDDC /* Formatter.swift */; };
		5EA886FB24D1FE270079EDDC /* DetailNewsViewController.swift in Sources */ = {isa = PBXBuildFile; fileRef = 5EA886FA24D1FE270079EDDC /* DetailNewsViewController.swift */; };
		5EAC214724C8244F00A65A7A /* DataSourceViewModelType.swift in Sources */ = {isa = PBXBuildFile; fileRef = 5EAC214624C8244F00A65A7A /* DataSourceViewModelType.swift */; };
		5EB4707D2541A44B00FB93B9 /* CurrentDriverStandings.swift in Sources */ = {isa = PBXBuildFile; fileRef = 5EB4707C2541A44B00FB93B9 /* CurrentDriverStandings.swift */; };
		5EB470832541AA5B00FB93B9 /* HistoricalDriverDetailStrategy.swift in Sources */ = {isa = PBXBuildFile; fileRef = 5EB470822541AA5B00FB93B9 /* HistoricalDriverDetailStrategy.swift */; };
		5EB470872541BC6900FB93B9 /* ConstructorDetail.swift in Sources */ = {isa = PBXBuildFile; fileRef = 5EB470862541BC6900FB93B9 /* ConstructorDetail.swift */; };
		5EB72B922574E0900023A90B /* HistoricalPickerViewModelTests.swift in Sources */ = {isa = PBXBuildFile; fileRef = 5EB72B912574E0900023A90B /* HistoricalPickerViewModelTests.swift */; };
		5EC60D6824C18DBD009C66CC /* DriverViewModel.swift in Sources */ = {isa = PBXBuildFile; fileRef = 5EC60D6724C18DBD009C66CC /* DriverViewModel.swift */; };
		5EC60D6C24C1FD4E009C66CC /* DriverCellViewModel.swift in Sources */ = {isa = PBXBuildFile; fileRef = 5EC60D6B24C1FD4E009C66CC /* DriverCellViewModel.swift */; };
		5ECFB2A62501132800ED94EA /* TransitionDriver.swift in Sources */ = {isa = PBXBuildFile; fileRef = 5ECFB29A2501132800ED94EA /* TransitionDriver.swift */; };
		5ECFB2A72501132800ED94EA /* CGPoint + Velocity.swift in Sources */ = {isa = PBXBuildFile; fileRef = 5ECFB29B2501132800ED94EA /* CGPoint + Velocity.swift */; };
		5ECFB2A82501132800ED94EA /* PanelTransition.swift in Sources */ = {isa = PBXBuildFile; fileRef = 5ECFB29C2501132800ED94EA /* PanelTransition.swift */; };
		5ECFB2A92501132800ED94EA /* InstantPanGestureRecognizer.swift in Sources */ = {isa = PBXBuildFile; fileRef = 5ECFB29D2501132800ED94EA /* InstantPanGestureRecognizer.swift */; };
		5ECFB2AA2501132800ED94EA /* PresentationController.swift in Sources */ = {isa = PBXBuildFile; fileRef = 5ECFB29F2501132800ED94EA /* PresentationController.swift */; };
		5ECFB2AB2501132800ED94EA /* DarkenedPresentationController.swift in Sources */ = {isa = PBXBuildFile; fileRef = 5ECFB2A02501132800ED94EA /* DarkenedPresentationController.swift */; };
		5ECFB2AC2501132800ED94EA /* PresentAnimation.swift in Sources */ = {isa = PBXBuildFile; fileRef = 5ECFB2A22501132800ED94EA /* PresentAnimation.swift */; };
		5ECFB2AD2501132800ED94EA /* DismissAnimation.swift in Sources */ = {isa = PBXBuildFile; fileRef = 5ECFB2A32501132800ED94EA /* DismissAnimation.swift */; };
		5ECFB2AE2501132800ED94EA /* TransitionDirection.swift in Sources */ = {isa = PBXBuildFile; fileRef = 5ECFB2A42501132800ED94EA /* TransitionDirection.swift */; };
		5EEE76DE25013F7C00D7D530 /* PanGestureRecognizer.swift in Sources */ = {isa = PBXBuildFile; fileRef = 5EEE76DD25013F7C00D7D530 /* PanGestureRecognizer.swift */; };
		5EF191D62548340D0045FD7C /* HistoricalConstructorDetailStrategy.swift in Sources */ = {isa = PBXBuildFile; fileRef = 5EF191D52548340D0045FD7C /* HistoricalConstructorDetailStrategy.swift */; };
		5EFD898724FE251E00A39838 /* HistoricalViewController.swift in Sources */ = {isa = PBXBuildFile; fileRef = 5EFD898624FE251E00A39838 /* HistoricalViewController.swift */; };
		5EFD898924FE458200A39838 /* HistoricalPickerViewController.swift in Sources */ = {isa = PBXBuildFile; fileRef = 5EFD898824FE458200A39838 /* HistoricalPickerViewController.swift */; };
/* End PBXBuildFile section */

/* Begin PBXContainerItemProxy section */
		5E419EDA24B5A858006421F6 /* PBXContainerItemProxy */ = {
			isa = PBXContainerItemProxy;
			containerPortal = 5E419EBB24B5A855006421F6 /* Project object */;
			proxyType = 1;
			remoteGlobalIDString = 5E419EC224B5A855006421F6;
			remoteInfo = "F1 Space";
		};
/* End PBXContainerItemProxy section */

/* Begin PBXFileReference section */
		5E05CD8924BEF23900EB2EF3 /* ConstructorsColor.swift */ = {isa = PBXFileReference; lastKnownFileType = sourcecode.swift; path = ConstructorsColor.swift; sourceTree = "<group>"; };
		5E05CD8B24BF28E600EB2EF3 /* DriverStandingsGroup.swift */ = {isa = PBXFileReference; lastKnownFileType = sourcecode.swift; path = DriverStandingsGroup.swift; sourceTree = "<group>"; };
		5E05CD8D24BF2B8700EB2EF3 /* Constructor.swift */ = {isa = PBXFileReference; lastKnownFileType = sourcecode.swift; path = Constructor.swift; sourceTree = "<group>"; };
		5E05CD8F24BF2B8F00EB2EF3 /* Driver.swift */ = {isa = PBXFileReference; lastKnownFileType = sourcecode.swift; path = Driver.swift; sourceTree = "<group>"; };
		5E05CD9324BF354A00EB2EF3 /* ConstructorStandingsGroup.swift */ = {isa = PBXFileReference; lastKnownFileType = sourcecode.swift; path = ConstructorStandingsGroup.swift; sourceTree = "<group>"; };
		5E14A14324BCA1A90058305B /* API.swift */ = {isa = PBXFileReference; lastKnownFileType = sourcecode.swift; path = API.swift; sourceTree = "<group>"; };
		5E36135C25C6D28C00A461AE /* HistoricalViewModelDataSource.swift */ = {isa = PBXFileReference; lastKnownFileType = sourcecode.swift; path = HistoricalViewModelDataSource.swift; sourceTree = "<group>"; };
		5E36136025C6D2B000A461AE /* HistoricalViewModelDelegate.swift */ = {isa = PBXFileReference; lastKnownFileType = sourcecode.swift; path = HistoricalViewModelDelegate.swift; sourceTree = "<group>"; };
		5E36136425C6D2EF00A461AE /* HistoricalViewModelProperty.swift */ = {isa = PBXFileReference; lastKnownFileType = sourcecode.swift; path = HistoricalViewModelProperty.swift; sourceTree = "<group>"; };
		5E36136F25C6E0C500A461AE /* HistoricalPickerViewModelType.swift */ = {isa = PBXFileReference; lastKnownFileType = sourcecode.swift; path = HistoricalPickerViewModelType.swift; sourceTree = "<group>"; };
		5E36137725C6F1B800A461AE /* HistoricalPickerProperty.swift */ = {isa = PBXFileReference; lastKnownFileType = sourcecode.swift; path = HistoricalPickerProperty.swift; sourceTree = "<group>"; };
		5E36137B25C6F31E00A461AE /* HistoricalPickerViewModelRequest.swift */ = {isa = PBXFileReference; lastKnownFileType = sourcecode.swift; path = HistoricalPickerViewModelRequest.swift; sourceTree = "<group>"; };
		5E36137F25C6F69600A461AE /* HistoricalPickerViewModelDataSource.swift */ = {isa = PBXFileReference; lastKnownFileType = sourcecode.swift; path = HistoricalPickerViewModelDataSource.swift; sourceTree = "<group>"; };
		5E36138325C6F6AF00A461AE /* HistoricalPickerViewModelDelegate.swift */ = {isa = PBXFileReference; lastKnownFileType = sourcecode.swift; path = HistoricalPickerViewModelDelegate.swift; sourceTree = "<group>"; };
		5E40ECF524B7400700E3AF1F /* StandingConstructorCell.swift */ = {isa = PBXFileReference; lastKnownFileType = sourcecode.swift; path = StandingConstructorCell.swift; sourceTree = "<group>"; };
		5E40ECF724B74B8100E3AF1F /* ConstructorViewController.swift */ = {isa = PBXFileReference; lastKnownFileType = sourcecode.swift; path = ConstructorViewController.swift; sourceTree = "<group>"; };
		5E40ECF924B74BA100E3AF1F /* ConstructorCell.swift */ = {isa = PBXFileReference; lastKnownFileType = sourcecode.swift; path = ConstructorCell.swift; sourceTree = "<group>"; };
		5E419EC324B5A855006421F6 /* F1 Space.app */ = {isa = PBXFileReference; explicitFileType = wrapper.application; includeInIndex = 0; path = "F1 Space.app"; sourceTree = BUILT_PRODUCTS_DIR; };
		5E419EC624B5A855006421F6 /* AppDelegate.swift */ = {isa = PBXFileReference; lastKnownFileType = sourcecode.swift; path = AppDelegate.swift; sourceTree = "<group>"; };
		5E419EC824B5A855006421F6 /* SceneDelegate.swift */ = {isa = PBXFileReference; lastKnownFileType = sourcecode.swift; path = SceneDelegate.swift; sourceTree = "<group>"; };
		5E419ECF24B5A858006421F6 /* Assets.xcassets */ = {isa = PBXFileReference; lastKnownFileType = folder.assetcatalog; path = Assets.xcassets; sourceTree = "<group>"; };
		5E419ED224B5A858006421F6 /* Base */ = {isa = PBXFileReference; lastKnownFileType = file.storyboard; name = Base; path = Base.lproj/LaunchScreen.storyboard; sourceTree = "<group>"; };
		5E419ED424B5A858006421F6 /* Info.plist */ = {isa = PBXFileReference; lastKnownFileType = text.plist.xml; path = Info.plist; sourceTree = "<group>"; };
		5E419ED924B5A858006421F6 /* F1 SpaceTests.xctest */ = {isa = PBXFileReference; explicitFileType = wrapper.cfbundle; includeInIndex = 0; path = "F1 SpaceTests.xctest"; sourceTree = BUILT_PRODUCTS_DIR; };
		5E419EDD24B5A858006421F6 /* F1_SpaceTests.swift */ = {isa = PBXFileReference; lastKnownFileType = sourcecode.swift; path = F1_SpaceTests.swift; sourceTree = "<group>"; };
		5E419EDF24B5A858006421F6 /* Info.plist */ = {isa = PBXFileReference; lastKnownFileType = text.plist.xml; name = Info.plist; path = "F1 SpaceTests/StartingTestFiles/Info.plist"; sourceTree = SOURCE_ROOT; };
		5E419EE824B5A9AA006421F6 /* StandingsViewController.swift */ = {isa = PBXFileReference; lastKnownFileType = sourcecode.swift; path = StandingsViewController.swift; sourceTree = "<group>"; };
		5E419EF024B5B433006421F6 /* Layout.swift */ = {isa = PBXFileReference; lastKnownFileType = sourcecode.swift; path = Layout.swift; sourceTree = "<group>"; };
		5E419EF524B5DBB0006421F6 /* StandingDriverCell.swift */ = {isa = PBXFileReference; lastKnownFileType = sourcecode.swift; path = StandingDriverCell.swift; sourceTree = "<group>"; };
		5E419EF824B5DEC7006421F6 /* DriverViewController.swift */ = {isa = PBXFileReference; lastKnownFileType = sourcecode.swift; path = DriverViewController.swift; sourceTree = "<group>"; };
		5E419EFA24B5F3C3006421F6 /* DriversCell.swift */ = {isa = PBXFileReference; lastKnownFileType = sourcecode.swift; path = DriversCell.swift; sourceTree = "<group>"; };
		5E419F0924B60E1F006421F6 /* StackView.swift */ = {isa = PBXFileReference; lastKnownFileType = sourcecode.swift; path = StackView.swift; sourceTree = "<group>"; };
		5E4630A0255ECF6700635A3F /* Collector.swift */ = {isa = PBXFileReference; lastKnownFileType = sourcecode.swift; path = Collector.swift; sourceTree = "<group>"; };
		5E4645D925C70D5F00A407B0 /* TabBarIconSetting.swift */ = {isa = PBXFileReference; fileEncoding = 4; lastKnownFileType = sourcecode.swift; path = TabBarIconSetting.swift; sourceTree = "<group>"; };
		5E4645DA25C70D5F00A407B0 /* TabBarController.swift */ = {isa = PBXFileReference; fileEncoding = 4; lastKnownFileType = sourcecode.swift; path = TabBarController.swift; sourceTree = "<group>"; };
		5E47931F25359CC500332FB4 /* HistoricalEnums.swift */ = {isa = PBXFileReference; lastKnownFileType = sourcecode.swift; path = HistoricalEnums.swift; sourceTree = "<group>"; };
		5E4793302535AA5B00332FB4 /* HistoricalViewModelType.swift */ = {isa = PBXFileReference; lastKnownFileType = sourcecode.swift; path = HistoricalViewModelType.swift; sourceTree = "<group>"; };
		5E47933D2535ADBD00332FB4 /* HistoricalCellViewModel.swift */ = {isa = PBXFileReference; lastKnownFileType = sourcecode.swift; path = HistoricalCellViewModel.swift; sourceTree = "<group>"; };
		5E4A6A9524D7EE100077CDBC /* NewsViewModel.swift */ = {isa = PBXFileReference; lastKnownFileType = sourcecode.swift; path = NewsViewModel.swift; sourceTree = "<group>"; };
		5E4A6A9824D7EEB30077CDBC /* NewsCellViewModel.swift */ = {isa = PBXFileReference; lastKnownFileType = sourcecode.swift; path = NewsCellViewModel.swift; sourceTree = "<group>"; };
		5E4A6A9A24D82E210077CDBC /* DetailNewsViewModel.swift */ = {isa = PBXFileReference; lastKnownFileType = sourcecode.swift; path = DetailNewsViewModel.swift; sourceTree = "<group>"; };
		5E4C1D59254AF76C00C1A3BB /* CurrentConstructorStandings.swift */ = {isa = PBXFileReference; lastKnownFileType = sourcecode.swift; path = CurrentConstructorStandings.swift; sourceTree = "<group>"; };
		5E4C64B02563B9A8002DC545 /* HistoricalCellViewModelType.swift */ = {isa = PBXFileReference; lastKnownFileType = sourcecode.swift; path = HistoricalCellViewModelType.swift; sourceTree = "<group>"; };
		5E4C64B8256402A4002DC545 /* ExtensionHistoricalPickerViewModel.swift */ = {isa = PBXFileReference; lastKnownFileType = sourcecode.swift; path = ExtensionHistoricalPickerViewModel.swift; sourceTree = "<group>"; };
		5E4CA1BD255D3A8900EA9F72 /* Optional.swift */ = {isa = PBXFileReference; lastKnownFileType = sourcecode.swift; path = Optional.swift; sourceTree = "<group>"; };
		5E4CA6E12519E1AB0035E6F6 /* HistoricalViewModel.swift */ = {isa = PBXFileReference; lastKnownFileType = sourcecode.swift; path = HistoricalViewModel.swift; sourceTree = "<group>"; };
		5E4E00BA25C96D3E009416DC /* HistoricalDriverStandingsViewModel.swift */ = {isa = PBXFileReference; lastKnownFileType = sourcecode.swift; path = HistoricalDriverStandingsViewModel.swift; sourceTree = "<group>"; };
		5E4E00BE25C96DEC009416DC /* HistoricalDetailViewModelVariety.swift */ = {isa = PBXFileReference; lastKnownFileType = sourcecode.swift; path = HistoricalDetailViewModelVariety.swift; sourceTree = "<group>"; };
		5E4E00C225C96E1D009416DC /* HistoricalDriverDetailViewModel.swift */ = {isa = PBXFileReference; lastKnownFileType = sourcecode.swift; path = HistoricalDriverDetailViewModel.swift; sourceTree = "<group>"; };
		5E4E00C625C96E7E009416DC /* HistoricalConstructorStandingsViewModel.swift */ = {isa = PBXFileReference; lastKnownFileType = sourcecode.swift; path = HistoricalConstructorStandingsViewModel.swift; sourceTree = "<group>"; };
		5E4E00CA25C96EBB009416DC /* HistoricalConstructorDetailViewModel.swift */ = {isa = PBXFileReference; lastKnownFileType = sourcecode.swift; path = HistoricalConstructorDetailViewModel.swift; sourceTree = "<group>"; };
		5E4E00D025C96FE3009416DC /* HistoricalRacesViewModel.swift */ = {isa = PBXFileReference; lastKnownFileType = sourcecode.swift; path = HistoricalRacesViewModel.swift; sourceTree = "<group>"; };
		5E4E00D425C9700A009416DC /* HistoricalRaceDetailViewModel.swift */ = {isa = PBXFileReference; lastKnownFileType = sourcecode.swift; path = HistoricalRaceDetailViewModel.swift; sourceTree = "<group>"; };
		5E4E00D825C9705B009416DC /* HistoricalDriverStandingsViewController.swift */ = {isa = PBXFileReference; lastKnownFileType = sourcecode.swift; path = HistoricalDriverStandingsViewController.swift; sourceTree = "<group>"; };
		5E4E00DC25C970BA009416DC /* HistoricalDriverDetailViewController.swift */ = {isa = PBXFileReference; lastKnownFileType = sourcecode.swift; path = HistoricalDriverDetailViewController.swift; sourceTree = "<group>"; };
		5E4E00E025C970DE009416DC /* HistoricalConstructorStandingsViewController.swift */ = {isa = PBXFileReference; lastKnownFileType = sourcecode.swift; path = HistoricalConstructorStandingsViewController.swift; sourceTree = "<group>"; };
		5E4E00E425C97110009416DC /* HistoricalConstructorDetailViewController.swift */ = {isa = PBXFileReference; lastKnownFileType = sourcecode.swift; path = HistoricalConstructorDetailViewController.swift; sourceTree = "<group>"; };
		5E4E00E825C97124009416DC /* HistoricalRacesViewController.swift */ = {isa = PBXFileReference; lastKnownFileType = sourcecode.swift; path = HistoricalRacesViewController.swift; sourceTree = "<group>"; };
		5E4E00EC25C97145009416DC /* HistoricalRaceDetailViewController.swift */ = {isa = PBXFileReference; lastKnownFileType = sourcecode.swift; path = HistoricalRaceDetailViewController.swift; sourceTree = "<group>"; };
		5E50BEED2510D81A0025963F /* HistoricalPickerResult.swift */ = {isa = PBXFileReference; lastKnownFileType = sourcecode.swift; path = HistoricalPickerResult.swift; sourceTree = "<group>"; };
		5E50BEEF2510D9340025963F /* HistoricalPickerSelectedDelegate.swift */ = {isa = PBXFileReference; lastKnownFileType = sourcecode.swift; path = HistoricalPickerSelectedDelegate.swift; sourceTree = "<group>"; };
		5E510D17251C833100584EE2 /* HistoricalCell.swift */ = {isa = PBXFileReference; lastKnownFileType = sourcecode.swift; path = HistoricalCell.swift; sourceTree = "<group>"; };
		5E510D1D251CC11D00584EE2 /* HistoricalDriverStrategy.swift */ = {isa = PBXFileReference; lastKnownFileType = sourcecode.swift; path = HistoricalDriverStrategy.swift; sourceTree = "<group>"; };
		5E5361432579031D00307425 /* Colors.swift */ = {isa = PBXFileReference; lastKnownFileType = sourcecode.swift; path = Colors.swift; sourceTree = "<group>"; };
		5E5C0D4F25B817CB006306EF /* UIButton.swift */ = {isa = PBXFileReference; lastKnownFileType = sourcecode.swift; path = UIButton.swift; sourceTree = "<group>"; };
		5E5F1B3124D5600200F81366 /* CustromActivityIndicator.swift */ = {isa = PBXFileReference; lastKnownFileType = sourcecode.swift; path = CustromActivityIndicator.swift; sourceTree = "<group>"; };
		5E5F1B3724D5DDE300F81366 /* CustomAnimationActivityIndicator.swift */ = {isa = PBXFileReference; lastKnownFileType = sourcecode.swift; path = CustomAnimationActivityIndicator.swift; sourceTree = "<group>"; };
		5E5F1B3924D5F37F00F81366 /* RefreshView.swift */ = {isa = PBXFileReference; lastKnownFileType = sourcecode.swift; path = RefreshView.swift; sourceTree = "<group>"; };
		5E5FCB612513438F00618534 /* HistoricalPickerViewModel.swift */ = {isa = PBXFileReference; lastKnownFileType = sourcecode.swift; path = HistoricalPickerViewModel.swift; sourceTree = "<group>"; };
		5E65123824EFBB6700008D67 /* RaceResult.swift */ = {isa = PBXFileReference; lastKnownFileType = sourcecode.swift; path = RaceResult.swift; sourceTree = "<group>"; };
		5E6932BE252DA1BD0045E030 /* HistoricalHeader.swift */ = {isa = PBXFileReference; lastKnownFileType = sourcecode.swift; path = HistoricalHeader.swift; sourceTree = "<group>"; };
		5E6A1329252EE8FF0012CFEC /* HistoricalStandingsStrategy.swift */ = {isa = PBXFileReference; lastKnownFileType = sourcecode.swift; path = HistoricalStandingsStrategy.swift; sourceTree = "<group>"; };
		5E6A132F252EF4300012CFEC /* HistoricalStandings.swift */ = {isa = PBXFileReference; lastKnownFileType = sourcecode.swift; path = HistoricalStandings.swift; sourceTree = "<group>"; };
		5E6A1336252F002F0012CFEC /* HistoricalStandingsHeader.swift */ = {isa = PBXFileReference; lastKnownFileType = sourcecode.swift; path = HistoricalStandingsHeader.swift; sourceTree = "<group>"; };
		5E6A133A252F01E80012CFEC /* Season.swift */ = {isa = PBXFileReference; lastKnownFileType = sourcecode.swift; path = Season.swift; sourceTree = "<group>"; };
		5E6A133E252F04D30012CFEC /* AuxiliaryNumbering.swift */ = {isa = PBXFileReference; lastKnownFileType = sourcecode.swift; path = AuxiliaryNumbering.swift; sourceTree = "<group>"; };
		5E6A1348252F0D4D0012CFEC /* HistoricalConstructorStrategy.swift */ = {isa = PBXFileReference; lastKnownFileType = sourcecode.swift; path = HistoricalConstructorStrategy.swift; sourceTree = "<group>"; };
		5E6A6DBB25B86E8100EC79E1 /* UIVIewGradient.swift */ = {isa = PBXFileReference; lastKnownFileType = sourcecode.swift; path = UIVIewGradient.swift; sourceTree = "<group>"; };
		5E74F75B253EC799005C67C0 /* DriverDetail.swift */ = {isa = PBXFileReference; lastKnownFileType = sourcecode.swift; path = DriverDetail.swift; sourceTree = "<group>"; };
		5E7DB97C24D054420029C0EE /* NewsViewController.swift */ = {isa = PBXFileReference; lastKnownFileType = sourcecode.swift; path = NewsViewController.swift; sourceTree = "<group>"; };
		5E7DB97F24D05A6E0029C0EE /* NewsCell.swift */ = {isa = PBXFileReference; lastKnownFileType = sourcecode.swift; path = NewsCell.swift; sourceTree = "<group>"; };
		5E82AC9D253838C40015A168 /* HistoricalHeaderViewModel.swift */ = {isa = PBXFileReference; lastKnownFileType = sourcecode.swift; path = HistoricalHeaderViewModel.swift; sourceTree = "<group>"; };
		5E82ACA425387A9C0015A168 /* HistoricalRaceStrategy.swift */ = {isa = PBXFileReference; lastKnownFileType = sourcecode.swift; path = HistoricalRaceStrategy.swift; sourceTree = "<group>"; };
		5E82B51F24C5D6A100377859 /* ConstructorViewModel.swift */ = {isa = PBXFileReference; lastKnownFileType = sourcecode.swift; path = ConstructorViewModel.swift; sourceTree = "<group>"; };
		5E82B52124C5D6AC00377859 /* ConstructorCellViewModel.swift */ = {isa = PBXFileReference; lastKnownFileType = sourcecode.swift; path = ConstructorCellViewModel.swift; sourceTree = "<group>"; };
		5E83481325C1580000392D46 /* Array.swift */ = {isa = PBXFileReference; lastKnownFileType = sourcecode.swift; path = Array.swift; sourceTree = "<group>"; };
		5E8467CB25B8166200D6B559 /* Formula1-Bold.ttf */ = {isa = PBXFileReference; lastKnownFileType = file; path = "Formula1-Bold.ttf"; sourceTree = "<group>"; };
		5E8467CC25B8166200D6B559 /* Formula1-Wide.ttf */ = {isa = PBXFileReference; lastKnownFileType = file; path = "Formula1-Wide.ttf"; sourceTree = "<group>"; };
		5E8467CD25B8166200D6B559 /* Formula1-Black.ttf */ = {isa = PBXFileReference; lastKnownFileType = file; path = "Formula1-Black.ttf"; sourceTree = "<group>"; };
		5E8467CE25B8166200D6B559 /* Formula1-Regular.ttf */ = {isa = PBXFileReference; lastKnownFileType = file; path = "Formula1-Regular.ttf"; sourceTree = "<group>"; };
		5E8662CB24E2C7BA00064D4E /* README.md */ = {isa = PBXFileReference; lastKnownFileType = net.daringfireball.markdown; path = README.md; sourceTree = "<group>"; };
		5E8662CE24E2CE9500064D4E /* AppIncludes.jpg */ = {isa = PBXFileReference; lastKnownFileType = image.jpeg; path = AppIncludes.jpg; sourceTree = "<group>"; };
		5E8662D024E2D6B000064D4E /* presentation.gif */ = {isa = PBXFileReference; lastKnownFileType = image.gif; path = presentation.gif; sourceTree = "<group>"; };
		5E8E01AE255147E800A52CDD /* RacesDetail.swift */ = {isa = PBXFileReference; lastKnownFileType = sourcecode.swift; path = RacesDetail.swift; sourceTree = "<group>"; };
		5E8E01B2255155BD00A52CDD /* HistoricalRaceDetailStrategy.swift */ = {isa = PBXFileReference; lastKnownFileType = sourcecode.swift; path = HistoricalRaceDetailStrategy.swift; sourceTree = "<group>"; };
		5E90F96E255AC5900088EAAD /* ConstructorParticipated.swift */ = {isa = PBXFileReference; lastKnownFileType = sourcecode.swift; path = ConstructorParticipated.swift; sourceTree = "<group>"; };
		5E90F97C255AD24D0088EAAD /* TwoOptions.swift */ = {isa = PBXFileReference; lastKnownFileType = sourcecode.swift; path = TwoOptions.swift; sourceTree = "<group>"; };
		5E912FA7257F9D6A00F48A07 /* HistoricalViewType.swift */ = {isa = PBXFileReference; lastKnownFileType = sourcecode.swift; path = HistoricalViewType.swift; sourceTree = "<group>"; };
		5E9EB95124C2D99A00023668 /* StandingsViewModel.swift */ = {isa = PBXFileReference; lastKnownFileType = sourcecode.swift; path = StandingsViewModel.swift; sourceTree = "<group>"; };
		5E9EB95324C2DA2D00023668 /* StandingsCellViewModel.swift */ = {isa = PBXFileReference; lastKnownFileType = sourcecode.swift; path = StandingsCellViewModel.swift; sourceTree = "<group>"; };
		5E9F90DC25B723DA00040EC9 /* UIImage.swift */ = {isa = PBXFileReference; lastKnownFileType = sourcecode.swift; path = UIImage.swift; sourceTree = "<group>"; };
		5EA886F124D164F30079EDDC /* RSS.swift */ = {isa = PBXFileReference; lastKnownFileType = sourcecode.swift; path = RSS.swift; sourceTree = "<group>"; };
		5EA886F324D165DD0079EDDC /* Article.swift */ = {isa = PBXFileReference; lastKnownFileType = sourcecode.swift; path = Article.swift; sourceTree = "<group>"; };
		5EA886F624D191730079EDDC /* String.swift */ = {isa = PBXFileReference; lastKnownFileType = sourcecode.swift; path = String.swift; sourceTree = "<group>"; };
		5EA886F824D1A9A60079EDDC /* Formatter.swift */ = {isa = PBXFileReference; lastKnownFileType = sourcecode.swift; path = Formatter.swift; sourceTree = "<group>"; };
		5EA886FA24D1FE270079EDDC /* DetailNewsViewController.swift */ = {isa = PBXFileReference; lastKnownFileType = sourcecode.swift; path = DetailNewsViewController.swift; sourceTree = "<group>"; };
		5EAC214624C8244F00A65A7A /* DataSourceViewModelType.swift */ = {isa = PBXFileReference; lastKnownFileType = sourcecode.swift; path = DataSourceViewModelType.swift; sourceTree = "<group>"; };
		5EB4707C2541A44B00FB93B9 /* CurrentDriverStandings.swift */ = {isa = PBXFileReference; lastKnownFileType = sourcecode.swift; path = CurrentDriverStandings.swift; sourceTree = "<group>"; };
		5EB470822541AA5B00FB93B9 /* HistoricalDriverDetailStrategy.swift */ = {isa = PBXFileReference; lastKnownFileType = sourcecode.swift; path = HistoricalDriverDetailStrategy.swift; sourceTree = "<group>"; };
		5EB470862541BC6900FB93B9 /* ConstructorDetail.swift */ = {isa = PBXFileReference; lastKnownFileType = sourcecode.swift; path = ConstructorDetail.swift; sourceTree = "<group>"; };
		5EB72B912574E0900023A90B /* HistoricalPickerViewModelTests.swift */ = {isa = PBXFileReference; lastKnownFileType = sourcecode.swift; path = HistoricalPickerViewModelTests.swift; sourceTree = "<group>"; };
		5EC60D6724C18DBD009C66CC /* DriverViewModel.swift */ = {isa = PBXFileReference; lastKnownFileType = sourcecode.swift; path = DriverViewModel.swift; sourceTree = "<group>"; };
		5EC60D6B24C1FD4E009C66CC /* DriverCellViewModel.swift */ = {isa = PBXFileReference; lastKnownFileType = sourcecode.swift; path = DriverCellViewModel.swift; sourceTree = "<group>"; };
		5ECFB29A2501132800ED94EA /* TransitionDriver.swift */ = {isa = PBXFileReference; fileEncoding = 4; lastKnownFileType = sourcecode.swift; path = TransitionDriver.swift; sourceTree = "<group>"; };
		5ECFB29B2501132800ED94EA /* CGPoint + Velocity.swift */ = {isa = PBXFileReference; fileEncoding = 4; lastKnownFileType = sourcecode.swift; path = "CGPoint + Velocity.swift"; sourceTree = "<group>"; };
		5ECFB29C2501132800ED94EA /* PanelTransition.swift */ = {isa = PBXFileReference; fileEncoding = 4; lastKnownFileType = sourcecode.swift; path = PanelTransition.swift; sourceTree = "<group>"; };
		5ECFB29D2501132800ED94EA /* InstantPanGestureRecognizer.swift */ = {isa = PBXFileReference; fileEncoding = 4; lastKnownFileType = sourcecode.swift; path = InstantPanGestureRecognizer.swift; sourceTree = "<group>"; };
		5ECFB29F2501132800ED94EA /* PresentationController.swift */ = {isa = PBXFileReference; fileEncoding = 4; lastKnownFileType = sourcecode.swift; path = PresentationController.swift; sourceTree = "<group>"; };
		5ECFB2A02501132800ED94EA /* DarkenedPresentationController.swift */ = {isa = PBXFileReference; fileEncoding = 4; lastKnownFileType = sourcecode.swift; path = DarkenedPresentationController.swift; sourceTree = "<group>"; };
		5ECFB2A22501132800ED94EA /* PresentAnimation.swift */ = {isa = PBXFileReference; fileEncoding = 4; lastKnownFileType = sourcecode.swift; path = PresentAnimation.swift; sourceTree = "<group>"; };
		5ECFB2A32501132800ED94EA /* DismissAnimation.swift */ = {isa = PBXFileReference; fileEncoding = 4; lastKnownFileType = sourcecode.swift; path = DismissAnimation.swift; sourceTree = "<group>"; };
		5ECFB2A42501132800ED94EA /* TransitionDirection.swift */ = {isa = PBXFileReference; fileEncoding = 4; lastKnownFileType = sourcecode.swift; path = TransitionDirection.swift; sourceTree = "<group>"; };
		5EEE76DD25013F7C00D7D530 /* PanGestureRecognizer.swift */ = {isa = PBXFileReference; lastKnownFileType = sourcecode.swift; path = PanGestureRecognizer.swift; sourceTree = "<group>"; };
		5EF191D52548340D0045FD7C /* HistoricalConstructorDetailStrategy.swift */ = {isa = PBXFileReference; lastKnownFileType = sourcecode.swift; path = HistoricalConstructorDetailStrategy.swift; sourceTree = "<group>"; };
		5EFD898624FE251E00A39838 /* HistoricalViewController.swift */ = {isa = PBXFileReference; lastKnownFileType = sourcecode.swift; path = HistoricalViewController.swift; sourceTree = "<group>"; };
		5EFD898824FE458200A39838 /* HistoricalPickerViewController.swift */ = {isa = PBXFileReference; lastKnownFileType = sourcecode.swift; path = HistoricalPickerViewController.swift; sourceTree = "<group>"; };
/* End PBXFileReference section */

/* Begin PBXFrameworksBuildPhase section */
		5E419EC024B5A855006421F6 /* Frameworks */ = {
			isa = PBXFrameworksBuildPhase;
			buildActionMask = 2147483647;
			files = (
			);
			runOnlyForDeploymentPostprocessing = 0;
		};
		5E419ED624B5A858006421F6 /* Frameworks */ = {
			isa = PBXFrameworksBuildPhase;
			buildActionMask = 2147483647;
			files = (
			);
			runOnlyForDeploymentPostprocessing = 0;
		};
/* End PBXFrameworksBuildPhase section */

/* Begin PBXGroup section */
		5E14A14224BCA18C0058305B /* Models */ = {
			isa = PBXGroup;
			children = (
				5E90F98A255AD72F0088EAAD /* ErgastAPI */,
			);
			path = Models;
			sourceTree = "<group>";
		};
		5E26F1E5250F604D0065907A /* Custom */ = {
			isa = PBXGroup;
			children = (
				5ECFB2982501132800ED94EA /* Transition */,
			);
			path = Custom;
			sourceTree = "<group>";
		};
		5E36135425C6C7C600A461AE /* MainModule */ = {
			isa = PBXGroup;
			children = (
				5E36135925C6C91700A461AE /* Protocols */,
				5E36135725C6C88000A461AE /* ViewModels */,
				5E36135825C6C8D100A461AE /* Views */,
			);
			path = MainModule;
			sourceTree = "<group>";
		};
		5E36135725C6C88000A461AE /* ViewModels */ = {
			isa = PBXGroup;
			children = (
				5E4CA6E12519E1AB0035E6F6 /* HistoricalViewModel.swift */,
				5E47933D2535ADBD00332FB4 /* HistoricalCellViewModel.swift */,
				5E82AC9D253838C40015A168 /* HistoricalHeaderViewModel.swift */,
			);
			path = ViewModels;
			sourceTree = "<group>";
		};
		5E36135825C6C8D100A461AE /* Views */ = {
			isa = PBXGroup;
			children = (
				5EFD898624FE251E00A39838 /* HistoricalViewController.swift */,
				5E510D17251C833100584EE2 /* HistoricalCell.swift */,
				5E6932BE252DA1BD0045E030 /* HistoricalHeader.swift */,
				5E6A1328252EE8970012CFEC /* HistoricalStrategy */,
			);
			path = Views;
			sourceTree = "<group>";
		};
		5E36135925C6C91700A461AE /* Protocols */ = {
			isa = PBXGroup;
			children = (
				5E4793302535AA5B00332FB4 /* HistoricalViewModelType.swift */,
				5E36136425C6D2EF00A461AE /* HistoricalViewModelProperty.swift */,
				5E36135C25C6D28C00A461AE /* HistoricalViewModelDataSource.swift */,
				5E36136025C6D2B000A461AE /* HistoricalViewModelDelegate.swift */,
				5E4C64B02563B9A8002DC545 /* HistoricalCellViewModelType.swift */,
				5E912FA7257F9D6A00F48A07 /* HistoricalViewType.swift */,
				5E6A1329252EE8FF0012CFEC /* HistoricalStandingsStrategy.swift */,
			);
			path = Protocols;
			sourceTree = "<group>";
		};
		5E36136C25C6E01200A461AE /* Protocols */ = {
			isa = PBXGroup;
			children = (
				5E36136F25C6E0C500A461AE /* HistoricalPickerViewModelType.swift */,
				5E36137725C6F1B800A461AE /* HistoricalPickerProperty.swift */,
				5E36137F25C6F69600A461AE /* HistoricalPickerViewModelDataSource.swift */,
				5E36138325C6F6AF00A461AE /* HistoricalPickerViewModelDelegate.swift */,
				5E36137B25C6F31E00A461AE /* HistoricalPickerViewModelRequest.swift */,
				5E50BEEF2510D9340025963F /* HistoricalPickerSelectedDelegate.swift */,
			);
			name = Protocols;
			path = HistoricalPickerModule/Protocols;
			sourceTree = "<group>";
		};
		5E36139025C6FC8A00A461AE /* Old */ = {
			isa = PBXGroup;
			children = (
				5EA886F624D191730079EDDC /* String.swift */,
				5EA886F824D1A9A60079EDDC /* Formatter.swift */,
				5E05CD8924BEF23900EB2EF3 /* ConstructorsColor.swift */,
				5E36139225C6FCB700A461AE /* Services */,
				5E36139125C6FCA600A461AE /* Models */,
				5EAC214824C8245D00A65A7A /* Protocols */,
				5EC60D6924C18DF7009C66CC /* ViewModels */,
				5E419EF724B5DC7B006421F6 /* Views */,
			);
			path = Old;
			sourceTree = "<group>";
		};
		5E36139125C6FCA600A461AE /* Models */ = {
			isa = PBXGroup;
			children = (
				5EA886F524D165EB0079EDDC /* News */,
			);
			name = Models;
			sourceTree = "<group>";
		};
		5E36139225C6FCB700A461AE /* Services */ = {
			isa = PBXGroup;
			children = (
				5EA886F124D164F30079EDDC /* RSS.swift */,
			);
			name = Services;
			sourceTree = "<group>";
		};
		5E3613BF25C7076500A461AE /* AppModules */ = {
			isa = PBXGroup;
			children = (
				5E4793492535AF3C00332FB4 /* HelpingEntities */,
				5E4645D825C70D5F00A407B0 /* TabBarModule */,
				5E3613C125C707E200A461AE /* HistoricalModules */,
			);
			path = AppModules;
			sourceTree = "<group>";
		};
		5E3613C125C707E200A461AE /* HistoricalModules */ = {
			isa = PBXGroup;
			children = (
				5E36135425C6C7C600A461AE /* MainModule */,
				5E3613C225C708A300A461AE /* HistoricalPickerModule */,
				5E4E00B625C96BF5009416DC /* DetailModule */,
			);
			name = HistoricalModules;
			sourceTree = "<group>";
		};
		5E3613C225C708A300A461AE /* HistoricalPickerModule */ = {
			isa = PBXGroup;
			children = (
				5E36136C25C6E01200A461AE /* Protocols */,
				5E3613C325C708D700A461AE /* ViewModels */,
				5E3613C425C7098D00A461AE /* Views */,
			);
			name = HistoricalPickerModule;
			sourceTree = "<group>";
		};
		5E3613C325C708D700A461AE /* ViewModels */ = {
			isa = PBXGroup;
			children = (
				5E5FCB612513438F00618534 /* HistoricalPickerViewModel.swift */,
				5E4C64B8256402A4002DC545 /* ExtensionHistoricalPickerViewModel.swift */,
			);
			name = ViewModels;
			path = HistoricalPickerModule/ViewModels;
			sourceTree = "<group>";
		};
		5E3613C425C7098D00A461AE /* Views */ = {
			isa = PBXGroup;
			children = (
				5EFD898824FE458200A39838 /* HistoricalPickerViewController.swift */,
			);
			name = Views;
			path = HistoricalPickerModule/View;
			sourceTree = "<group>";
		};
		5E40ECFB24B7551500E3AF1F /* Cells */ = {
			isa = PBXGroup;
			children = (
				5E4793462535AE1100332FB4 /* News */,
				5E40ECFC24B7552500E3AF1F /* Standings */,
			);
			path = Cells;
			sourceTree = "<group>";
		};
		5E40ECFC24B7552500E3AF1F /* Standings */ = {
			isa = PBXGroup;
			children = (
				5E419EF524B5DBB0006421F6 /* StandingDriverCell.swift */,
				5E40ECF524B7400700E3AF1F /* StandingConstructorCell.swift */,
				5E40ECFD24B7552E00E3AF1F /* DriverAndConstructor */,
			);
			path = Standings;
			sourceTree = "<group>";
		};
		5E40ECFD24B7552E00E3AF1F /* DriverAndConstructor */ = {
			isa = PBXGroup;
			children = (
				5E419EFA24B5F3C3006421F6 /* DriversCell.swift */,
				5E40ECF924B74BA100E3AF1F /* ConstructorCell.swift */,
			);
			path = DriverAndConstructor;
			sourceTree = "<group>";
		};
		5E419EBA24B5A855006421F6 = {
			isa = PBXGroup;
			children = (
				5E8662CB24E2C7BA00064D4E /* README.md */,
				5E8662D024E2D6B000064D4E /* presentation.gif */,
				5E8662CE24E2CE9500064D4E /* AppIncludes.jpg */,
				5E419EC524B5A855006421F6 /* F1 Space */,
				5E419EDC24B5A858006421F6 /* F1 SpaceTests */,
				5E419EC424B5A855006421F6 /* Products */,
			);
			sourceTree = "<group>";
		};
		5E419EC424B5A855006421F6 /* Products */ = {
			isa = PBXGroup;
			children = (
				5E419EC324B5A855006421F6 /* F1 Space.app */,
				5E419ED924B5A858006421F6 /* F1 SpaceTests.xctest */,
			);
			name = Products;
			sourceTree = "<group>";
		};
		5E419EC524B5A855006421F6 /* F1 Space */ = {
			isa = PBXGroup;
			children = (
				5E26F1E5250F604D0065907A /* Custom */,
				5E419EF224B5B44A006421F6 /* Common */,
				5E47BBFF24C07BB6002D8261 /* Services */,
				5E14A14224BCA18C0058305B /* Models */,
				5E36139025C6FC8A00A461AE /* Old */,
				5E3613BF25C7076500A461AE /* AppModules */,
				5E419ECF24B5A858006421F6 /* Assets.xcassets */,
				5E419EC624B5A855006421F6 /* AppDelegate.swift */,
				5E419EC824B5A855006421F6 /* SceneDelegate.swift */,
				5E419ED124B5A858006421F6 /* LaunchScreen.storyboard */,
				5E419ED424B5A858006421F6 /* Info.plist */,
			);
			path = "F1 Space";
			sourceTree = "<group>";
		};
		5E419EDC24B5A858006421F6 /* F1 SpaceTests */ = {
			isa = PBXGroup;
			children = (
				5E419EEB24B5AAC6006421F6 /* StartingTestFiles */,
				5EB72B952574E0A10023A90B /* ViewModel */,
			);
			path = "F1 SpaceTests";
			sourceTree = "<group>";
		};
		5E419EEB24B5AAC6006421F6 /* StartingTestFiles */ = {
			isa = PBXGroup;
			children = (
				5E419EDD24B5A858006421F6 /* F1_SpaceTests.swift */,
				5E419EDF24B5A858006421F6 /* Info.plist */,
			);
			path = StartingTestFiles;
			sourceTree = "<group>";
		};
		5E419EF224B5B44A006421F6 /* Common */ = {
			isa = PBXGroup;
			children = (
				5E8467CA25B8166200D6B559 /* Fonts */,
				5E419EF024B5B433006421F6 /* Layout.swift */,
				5E419F0924B60E1F006421F6 /* StackView.swift */,
				5E4CA1BD255D3A8900EA9F72 /* Optional.swift */,
				5E83481325C1580000392D46 /* Array.swift */,
				5E5361432579031D00307425 /* Colors.swift */,
				5E5C0D4F25B817CB006306EF /* UIButton.swift */,
				5E9F90DC25B723DA00040EC9 /* UIImage.swift */,
				5E6A6DBB25B86E8100EC79E1 /* UIVIewGradient.swift */,
			);
			path = Common;
			sourceTree = "<group>";
		};
		5E419EF724B5DC7B006421F6 /* Views */ = {
			isa = PBXGroup;
			children = (
				5E4A6A9C24D84A190077CDBC /* Views */,
				5E40ECFB24B7551500E3AF1F /* Cells */,
				5E82B52424C5E49100377859 /* Controllers */,
			);
			path = Views;
			sourceTree = "<group>";
		};
		5E4645D825C70D5F00A407B0 /* TabBarModule */ = {
			isa = PBXGroup;
			children = (
				5E4645D925C70D5F00A407B0 /* TabBarIconSetting.swift */,
				5E4645DA25C70D5F00A407B0 /* TabBarController.swift */,
			);
			path = TabBarModule;
			sourceTree = "<group>";
		};
		5E4793462535AE1100332FB4 /* News */ = {
			isa = PBXGroup;
			children = (
				5E7DB97F24D05A6E0029C0EE /* NewsCell.swift */,
			);
			path = News;
			sourceTree = "<group>";
		};
		5E4793492535AF3C00332FB4 /* HelpingEntities */ = {
			isa = PBXGroup;
			children = (
				5E47931F25359CC500332FB4 /* HistoricalEnums.swift */,
				5E50BEED2510D81A0025963F /* HistoricalPickerResult.swift */,
				5E6A132F252EF4300012CFEC /* HistoricalStandings.swift */,
				5E6A1336252F002F0012CFEC /* HistoricalStandingsHeader.swift */,
				5E4630A0255ECF6700635A3F /* Collector.swift */,
			);
			path = HelpingEntities;
			sourceTree = "<group>";
		};
		5E47BBFF24C07BB6002D8261 /* Services */ = {
			isa = PBXGroup;
			children = (
				5E14A14324BCA1A90058305B /* API.swift */,
			);
			path = Services;
			sourceTree = "<group>";
		};
		5E4A6A9724D7EE1C0077CDBC /* News */ = {
			isa = PBXGroup;
			children = (
				5E4A6A9524D7EE100077CDBC /* NewsViewModel.swift */,
				5E4A6A9824D7EEB30077CDBC /* NewsCellViewModel.swift */,
				5E4A6A9A24D82E210077CDBC /* DetailNewsViewModel.swift */,
			);
			path = News;
			sourceTree = "<group>";
		};
		5E4A6A9C24D84A190077CDBC /* Views */ = {
			isa = PBXGroup;
			children = (
				5E5F1B3924D5F37F00F81366 /* RefreshView.swift */,
				5E4A6A9E24D84D800077CDBC /* ActivityIndicator */,
			);
			path = Views;
			sourceTree = "<group>";
		};
		5E4A6A9E24D84D800077CDBC /* ActivityIndicator */ = {
			isa = PBXGroup;
			children = (
				5E5F1B3124D5600200F81366 /* CustromActivityIndicator.swift */,
				5E5F1B3724D5DDE300F81366 /* CustomAnimationActivityIndicator.swift */,
			);
			path = ActivityIndicator;
			sourceTree = "<group>";
		};
		5E4E00B625C96BF5009416DC /* DetailModule */ = {
			isa = PBXGroup;
			children = (
				5E4E00B725C96C48009416DC /* Protocols */,
				5E4E00B825C96C55009416DC /* ViewModels */,
				5E4E00B925C96C61009416DC /* Views */,
			);
			name = DetailModule;
			path = "/Users/justnicke/Desktop/Project/F1-Space/F1 Space/AppModules/DetailModule";
			sourceTree = "<absolute>";
		};
		5E4E00B725C96C48009416DC /* Protocols */ = {
			isa = PBXGroup;
			children = (
				5E4E00BE25C96DEC009416DC /* HistoricalDetailViewModelVariety.swift */,
			);
			path = Protocols;
			sourceTree = "<group>";
		};
		5E4E00B825C96C55009416DC /* ViewModels */ = {
			isa = PBXGroup;
			children = (
				5E4E00BA25C96D3E009416DC /* HistoricalDriverStandingsViewModel.swift */,
				5E4E00C225C96E1D009416DC /* HistoricalDriverDetailViewModel.swift */,
				5E4E00C625C96E7E009416DC /* HistoricalConstructorStandingsViewModel.swift */,
				5E4E00CA25C96EBB009416DC /* HistoricalConstructorDetailViewModel.swift */,
				5E4E00D025C96FE3009416DC /* HistoricalRacesViewModel.swift */,
				5E4E00D425C9700A009416DC /* HistoricalRaceDetailViewModel.swift */,
			);
			path = ViewModels;
			sourceTree = "<group>";
		};
		5E4E00B925C96C61009416DC /* Views */ = {
			isa = PBXGroup;
			children = (
				5E4E00D825C9705B009416DC /* HistoricalDriverStandingsViewController.swift */,
				5E4E00DC25C970BA009416DC /* HistoricalDriverDetailViewController.swift */,
				5E4E00E025C970DE009416DC /* HistoricalConstructorStandingsViewController.swift */,
				5E4E00E425C97110009416DC /* HistoricalConstructorDetailViewController.swift */,
				5E4E00E825C97124009416DC /* HistoricalRacesViewController.swift */,
				5E4E00EC25C97145009416DC /* HistoricalRaceDetailViewController.swift */,
			);
			path = Views;
			sourceTree = "<group>";
		};
		5E6A1328252EE8970012CFEC /* HistoricalStrategy */ = {
			isa = PBXGroup;
			children = (
				5E6A133E252F04D30012CFEC /* AuxiliaryNumbering.swift */,
				5E510D1D251CC11D00584EE2 /* HistoricalDriverStrategy.swift */,
				5E6A1348252F0D4D0012CFEC /* HistoricalConstructorStrategy.swift */,
				5E82ACA425387A9C0015A168 /* HistoricalRaceStrategy.swift */,
				5EB470822541AA5B00FB93B9 /* HistoricalDriverDetailStrategy.swift */,
				5EF191D52548340D0045FD7C /* HistoricalConstructorDetailStrategy.swift */,
				5E8E01B2255155BD00A52CDD /* HistoricalRaceDetailStrategy.swift */,
			);
			path = HistoricalStrategy;
			sourceTree = "<group>";
		};
		5E7DB97E24D0544F0029C0EE /* News */ = {
			isa = PBXGroup;
			children = (
				5E7DB97C24D054420029C0EE /* NewsViewController.swift */,
				5EA886FA24D1FE270079EDDC /* DetailNewsViewController.swift */,
			);
			path = News;
			sourceTree = "<group>";
		};
		5E82B52324C5D6B100377859 /* Constructor */ = {
			isa = PBXGroup;
			children = (
				5E82B51F24C5D6A100377859 /* ConstructorViewModel.swift */,
				5E82B52124C5D6AC00377859 /* ConstructorCellViewModel.swift */,
			);
			path = Constructor;
			sourceTree = "<group>";
		};
		5E82B52424C5E49100377859 /* Controllers */ = {
			isa = PBXGroup;
			children = (
				5E7DB97E24D0544F0029C0EE /* News */,
				5EAC214A24C824F100A65A7A /* Standings */,
			);
			path = Controllers;
			sourceTree = "<group>";
		};
		5E8467CA25B8166200D6B559 /* Fonts */ = {
			isa = PBXGroup;
			children = (
				5E8467CB25B8166200D6B559 /* Formula1-Bold.ttf */,
				5E8467CC25B8166200D6B559 /* Formula1-Wide.ttf */,
				5E8467CD25B8166200D6B559 /* Formula1-Black.ttf */,
				5E8467CE25B8166200D6B559 /* Formula1-Regular.ttf */,
			);
			path = Fonts;
			sourceTree = "<group>";
		};
		5E90F98A255AD72F0088EAAD /* ErgastAPI */ = {
			isa = PBXGroup;
			children = (
				5E05CD8B24BF28E600EB2EF3 /* DriverStandingsGroup.swift */,
				5E05CD9324BF354A00EB2EF3 /* ConstructorStandingsGroup.swift */,
				5E05CD8F24BF2B8F00EB2EF3 /* Driver.swift */,
				5E05CD8D24BF2B8700EB2EF3 /* Constructor.swift */,
				5E65123824EFBB6700008D67 /* RaceResult.swift */,
				5E74F75B253EC799005C67C0 /* DriverDetail.swift */,
				5EB470862541BC6900FB93B9 /* ConstructorDetail.swift */,
				5E8E01AE255147E800A52CDD /* RacesDetail.swift */,
				5E6A133A252F01E80012CFEC /* Season.swift */,
				5EB4707C2541A44B00FB93B9 /* CurrentDriverStandings.swift */,
				5E4C1D59254AF76C00C1A3BB /* CurrentConstructorStandings.swift */,
				5E90F97C255AD24D0088EAAD /* TwoOptions.swift */,
				5E90F96E255AC5900088EAAD /* ConstructorParticipated.swift */,
			);
			path = ErgastAPI;
			sourceTree = "<group>";
		};
		5E9EB95024C2D96600023668 /* Driver */ = {
			isa = PBXGroup;
			children = (
				5EC60D6724C18DBD009C66CC /* DriverViewModel.swift */,
				5EC60D6B24C1FD4E009C66CC /* DriverCellViewModel.swift */,
			);
			path = Driver;
			sourceTree = "<group>";
		};
		5EA886F524D165EB0079EDDC /* News */ = {
			isa = PBXGroup;
			children = (
				5EA886F324D165DD0079EDDC /* Article.swift */,
			);
			path = News;
			sourceTree = "<group>";
		};
		5EAC214824C8245D00A65A7A /* Protocols */ = {
			isa = PBXGroup;
			children = (
				5EAC214624C8244F00A65A7A /* DataSourceViewModelType.swift */,
			);
			path = Protocols;
			sourceTree = "<group>";
		};
		5EAC214924C824A900A65A7A /* Standings */ = {
			isa = PBXGroup;
			children = (
				5E9EB95124C2D99A00023668 /* StandingsViewModel.swift */,
				5E9EB95324C2DA2D00023668 /* StandingsCellViewModel.swift */,
				5E9EB95024C2D96600023668 /* Driver */,
				5E82B52324C5D6B100377859 /* Constructor */,
			);
			path = Standings;
			sourceTree = "<group>";
		};
		5EAC214A24C824F100A65A7A /* Standings */ = {
			isa = PBXGroup;
			children = (
				5E419EE824B5A9AA006421F6 /* StandingsViewController.swift */,
				5EAC214B24C8250300A65A7A /* DriverAndConstructor */,
			);
			path = Standings;
			sourceTree = "<group>";
		};
		5EAC214B24C8250300A65A7A /* DriverAndConstructor */ = {
			isa = PBXGroup;
			children = (
				5E419EF824B5DEC7006421F6 /* DriverViewController.swift */,
				5E40ECF724B74B8100E3AF1F /* ConstructorViewController.swift */,
			);
			path = DriverAndConstructor;
			sourceTree = "<group>";
		};
		5EB72B952574E0A10023A90B /* ViewModel */ = {
			isa = PBXGroup;
			children = (
				5EB72B912574E0900023A90B /* HistoricalPickerViewModelTests.swift */,
			);
			path = ViewModel;
			sourceTree = "<group>";
		};
		5EC60D6924C18DF7009C66CC /* ViewModels */ = {
			isa = PBXGroup;
			children = (
				5E4A6A9724D7EE1C0077CDBC /* News */,
				5EAC214924C824A900A65A7A /* Standings */,
			);
			path = ViewModels;
			sourceTree = "<group>";
		};
		5ECFB2982501132800ED94EA /* Transition */ = {
			isa = PBXGroup;
			children = (
				5ECFB29F2501132800ED94EA /* PresentationController.swift */,
				5ECFB2A02501132800ED94EA /* DarkenedPresentationController.swift */,
				5ECFB29C2501132800ED94EA /* PanelTransition.swift */,
				5ECFB29A2501132800ED94EA /* TransitionDriver.swift */,
				5ECFB2A12501132800ED94EA /* Animations */,
				5EEE76DF25013FFF00D7D530 /* Helpers */,
			);
			path = Transition;
			sourceTree = "<group>";
		};
		5ECFB2A12501132800ED94EA /* Animations */ = {
			isa = PBXGroup;
			children = (
				5ECFB2A22501132800ED94EA /* PresentAnimation.swift */,
				5ECFB2A32501132800ED94EA /* DismissAnimation.swift */,
			);
			path = Animations;
			sourceTree = "<group>";
		};
		5EEE76DF25013FFF00D7D530 /* Helpers */ = {
			isa = PBXGroup;
			children = (
				5ECFB2A42501132800ED94EA /* TransitionDirection.swift */,
				5EEE76DD25013F7C00D7D530 /* PanGestureRecognizer.swift */,
				5ECFB29D2501132800ED94EA /* InstantPanGestureRecognizer.swift */,
				5ECFB29B2501132800ED94EA /* CGPoint + Velocity.swift */,
			);
			path = Helpers;
			sourceTree = "<group>";
		};
/* End PBXGroup section */

/* Begin PBXNativeTarget section */
		5E419EC224B5A855006421F6 /* F1 Space */ = {
			isa = PBXNativeTarget;
			buildConfigurationList = 5E419EE224B5A858006421F6 /* Build configuration list for PBXNativeTarget "F1 Space" */;
			buildPhases = (
				5E419EBF24B5A855006421F6 /* Sources */,
				5E419EC024B5A855006421F6 /* Frameworks */,
				5E419EC124B5A855006421F6 /* Resources */,
			);
			buildRules = (
			);
			dependencies = (
			);
			name = "F1 Space";
			productName = "F1 Space";
			productReference = 5E419EC324B5A855006421F6 /* F1 Space.app */;
			productType = "com.apple.product-type.application";
		};
		5E419ED824B5A858006421F6 /* F1 SpaceTests */ = {
			isa = PBXNativeTarget;
			buildConfigurationList = 5E419EE524B5A858006421F6 /* Build configuration list for PBXNativeTarget "F1 SpaceTests" */;
			buildPhases = (
				5E419ED524B5A858006421F6 /* Sources */,
				5E419ED624B5A858006421F6 /* Frameworks */,
				5E419ED724B5A858006421F6 /* Resources */,
			);
			buildRules = (
			);
			dependencies = (
				5E419EDB24B5A858006421F6 /* PBXTargetDependency */,
			);
			name = "F1 SpaceTests";
			productName = "F1 SpaceTests";
			productReference = 5E419ED924B5A858006421F6 /* F1 SpaceTests.xctest */;
			productType = "com.apple.product-type.bundle.unit-test";
		};
/* End PBXNativeTarget section */

/* Begin PBXProject section */
		5E419EBB24B5A855006421F6 /* Project object */ = {
			isa = PBXProject;
			attributes = {
				LastSwiftUpdateCheck = 1150;
				LastUpgradeCheck = 1200;
				ORGANIZATIONNAME = "Nikita Sukachev";
				TargetAttributes = {
					5E419EC224B5A855006421F6 = {
						CreatedOnToolsVersion = 11.5;
					};
					5E419ED824B5A858006421F6 = {
						CreatedOnToolsVersion = 11.5;
						TestTargetID = 5E419EC224B5A855006421F6;
					};
				};
			};
			buildConfigurationList = 5E419EBE24B5A855006421F6 /* Build configuration list for PBXProject "F1 Space" */;
			compatibilityVersion = "Xcode 9.3";
			developmentRegion = en;
			hasScannedForEncodings = 0;
			knownRegions = (
				en,
				Base,
			);
			mainGroup = 5E419EBA24B5A855006421F6;
			productRefGroup = 5E419EC424B5A855006421F6 /* Products */;
			projectDirPath = "";
			projectRoot = "";
			targets = (
				5E419EC224B5A855006421F6 /* F1 Space */,
				5E419ED824B5A858006421F6 /* F1 SpaceTests */,
			);
		};
/* End PBXProject section */

/* Begin PBXResourcesBuildPhase section */
		5E419EC124B5A855006421F6 /* Resources */ = {
			isa = PBXResourcesBuildPhase;
			buildActionMask = 2147483647;
			files = (
				5E8662D124E2D6B000064D4E /* presentation.gif in Resources */,
				5E419ED324B5A858006421F6 /* LaunchScreen.storyboard in Resources */,
				5E8467D225B8166200D6B559 /* Formula1-Regular.ttf in Resources */,
				5E8467D125B8166200D6B559 /* Formula1-Black.ttf in Resources */,
				5E419ED024B5A858006421F6 /* Assets.xcassets in Resources */,
				5E8467D025B8166200D6B559 /* Formula1-Wide.ttf in Resources */,
				5E8467CF25B8166200D6B559 /* Formula1-Bold.ttf in Resources */,
				5E8662CF24E2CE9500064D4E /* AppIncludes.jpg in Resources */,
			);
			runOnlyForDeploymentPostprocessing = 0;
		};
		5E419ED724B5A858006421F6 /* Resources */ = {
			isa = PBXResourcesBuildPhase;
			buildActionMask = 2147483647;
			files = (
			);
			runOnlyForDeploymentPostprocessing = 0;
		};
/* End PBXResourcesBuildPhase section */

/* Begin PBXSourcesBuildPhase section */
		5E419EBF24B5A855006421F6 /* Sources */ = {
			isa = PBXSourcesBuildPhase;
			buildActionMask = 2147483647;
			files = (
				5E6932BF252DA1BD0045E030 /* HistoricalHeader.swift in Sources */,
				5E4E00E925C97124009416DC /* HistoricalRacesViewController.swift in Sources */,
				5E65123924EFBB6700008D67 /* RaceResult.swift in Sources */,
				5E82ACA525387A9C0015A168 /* HistoricalRaceStrategy.swift in Sources */,
				5E510D18251C833100584EE2 /* HistoricalCell.swift in Sources */,
				5E6A1337252F002F0012CFEC /* HistoricalStandingsHeader.swift in Sources */,
				5E5FCB622513438F00618534 /* HistoricalPickerViewModel.swift in Sources */,
				5E5361442579031D00307425 /* Colors.swift in Sources */,
				5E4CA6E22519E1AB0035E6F6 /* HistoricalViewModel.swift in Sources */,
				5E83481425C1580000392D46 /* Array.swift in Sources */,
				5E4E00CB25C96EBB009416DC /* HistoricalConstructorDetailViewModel.swift in Sources */,
				5E05CD8C24BF28E600EB2EF3 /* DriverStandingsGroup.swift in Sources */,
				5EFD898724FE251E00A39838 /* HistoricalViewController.swift in Sources */,
				5E7DB98024D05A6E0029C0EE /* NewsCell.swift in Sources */,
				5E4E00BB25C96D3E009416DC /* HistoricalDriverStandingsViewModel.swift in Sources */,
				5E4C1D5A254AF76C00C1A3BB /* CurrentConstructorStandings.swift in Sources */,
				5E36137025C6E0C500A461AE /* HistoricalPickerViewModelType.swift in Sources */,
				5EA886F724D191730079EDDC /* String.swift in Sources */,
				5EB470872541BC6900FB93B9 /* ConstructorDetail.swift in Sources */,
				5ECFB2AE2501132800ED94EA /* TransitionDirection.swift in Sources */,
				5ECFB2A82501132800ED94EA /* PanelTransition.swift in Sources */,
				5E8E01AF255147E800A52CDD /* RacesDetail.swift in Sources */,
				5E5F1B3224D5600200F81366 /* CustromActivityIndicator.swift in Sources */,
				5E419EC724B5A855006421F6 /* AppDelegate.swift in Sources */,
				5E419EF924B5DEC7006421F6 /* DriverViewController.swift in Sources */,
				5E4E00ED25C97145009416DC /* HistoricalRaceDetailViewController.swift in Sources */,
				5E36138425C6F6AF00A461AE /* HistoricalPickerViewModelDelegate.swift in Sources */,
				5E50BEF02510D9340025963F /* HistoricalPickerSelectedDelegate.swift in Sources */,
				5EF191D62548340D0045FD7C /* HistoricalConstructorDetailStrategy.swift in Sources */,
				5E36137825C6F1B800A461AE /* HistoricalPickerProperty.swift in Sources */,
				5E4A6A9B24D82E210077CDBC /* DetailNewsViewModel.swift in Sources */,
				5E4E00D125C96FE3009416DC /* HistoricalRacesViewModel.swift in Sources */,
				5E4E00C725C96E7E009416DC /* HistoricalConstructorStandingsViewModel.swift in Sources */,
				5E5F1B3A24D5F37F00F81366 /* RefreshView.swift in Sources */,
				5E6A133F252F04D30012CFEC /* AuxiliaryNumbering.swift in Sources */,
				5E36136525C6D2EF00A461AE /* HistoricalViewModelProperty.swift in Sources */,
				5E4793312535AA5B00332FB4 /* HistoricalViewModelType.swift in Sources */,
				5E6A132A252EE8FF0012CFEC /* HistoricalStandingsStrategy.swift in Sources */,
				5EAC214724C8244F00A65A7A /* DataSourceViewModelType.swift in Sources */,
				5ECFB2A92501132800ED94EA /* InstantPanGestureRecognizer.swift in Sources */,
				5EC60D6824C18DBD009C66CC /* DriverViewModel.swift in Sources */,
				5E419EC924B5A855006421F6 /* SceneDelegate.swift in Sources */,
				5EA886FB24D1FE270079EDDC /* DetailNewsViewController.swift in Sources */,
				5E5F1B3824D5DDE300F81366 /* CustomAnimationActivityIndicator.swift in Sources */,
				5E36137C25C6F31E00A461AE /* HistoricalPickerViewModelRequest.swift in Sources */,
				5E36135D25C6D28C00A461AE /* HistoricalViewModelDataSource.swift in Sources */,
				5E5C0D5025B817CB006306EF /* UIButton.swift in Sources */,
				5E4C64B9256402A4002DC545 /* ExtensionHistoricalPickerViewModel.swift in Sources */,
				5E4E00D525C9700A009416DC /* HistoricalRaceDetailViewModel.swift in Sources */,
				5E419EFB24B5F3C3006421F6 /* DriversCell.swift in Sources */,
				5E9EB95424C2DA2D00023668 /* StandingsCellViewModel.swift in Sources */,
				5ECFB2AA2501132800ED94EA /* PresentationController.swift in Sources */,
				5ECFB2AD2501132800ED94EA /* DismissAnimation.swift in Sources */,
				5E47932025359CC500332FB4 /* HistoricalEnums.swift in Sources */,
				5EA886F924D1A9A60079EDDC /* Formatter.swift in Sources */,
				5E05CD9424BF354A00EB2EF3 /* ConstructorStandingsGroup.swift in Sources */,
				5E05CD8A24BEF23900EB2EF3 /* ConstructorsColor.swift in Sources */,
				5E4E00DD25C970BA009416DC /* HistoricalDriverDetailViewController.swift in Sources */,
				5E74F75C253EC799005C67C0 /* DriverDetail.swift in Sources */,
				5ECFB2AB2501132800ED94EA /* DarkenedPresentationController.swift in Sources */,
				5E419EF124B5B433006421F6 /* Layout.swift in Sources */,
				5E82B52024C5D6A100377859 /* ConstructorViewModel.swift in Sources */,
				5E4A6A9624D7EE100077CDBC /* NewsViewModel.swift in Sources */,
				5ECFB2A72501132800ED94EA /* CGPoint + Velocity.swift in Sources */,
				5E9F90DD25B723DA00040EC9 /* UIImage.swift in Sources */,
				5E82B52224C5D6AC00377859 /* ConstructorCellViewModel.swift in Sources */,
				5EA886F424D165DD0079EDDC /* Article.swift in Sources */,
				5E4645DB25C70D5F00A407B0 /* TabBarIconSetting.swift in Sources */,
				5EEE76DE25013F7C00D7D530 /* PanGestureRecognizer.swift in Sources */,
				5E912FA8257F9D6A00F48A07 /* HistoricalViewType.swift in Sources */,
				5ECFB2AC2501132800ED94EA /* PresentAnimation.swift in Sources */,
				5E40ECFA24B74BA100E3AF1F /* ConstructorCell.swift in Sources */,
				5E4A6A9924D7EEB30077CDBC /* NewsCellViewModel.swift in Sources */,
				5EA886F224D164F30079EDDC /* RSS.swift in Sources */,
				5E40ECF624B7400700E3AF1F /* StandingConstructorCell.swift in Sources */,
				5E90F97D255AD24D0088EAAD /* TwoOptions.swift in Sources */,
				5E47933E2535ADBD00332FB4 /* HistoricalCellViewModel.swift in Sources */,
				5E50BEEE2510D81A0025963F /* HistoricalPickerResult.swift in Sources */,
				5E4E00E525C97110009416DC /* HistoricalConstructorDetailViewController.swift in Sources */,
				5E05CD8E24BF2B8700EB2EF3 /* Constructor.swift in Sources */,
				5E419F0A24B60E1F006421F6 /* StackView.swift in Sources */,
				5E6A1349252F0D4D0012CFEC /* HistoricalConstructorStrategy.swift in Sources */,
				5E419EE924B5A9AA006421F6 /* StandingsViewController.swift in Sources */,
				5E4C64B12563B9A8002DC545 /* HistoricalCellViewModelType.swift in Sources */,
				5E6A1330252EF4300012CFEC /* HistoricalStandings.swift in Sources */,
				5E510D1E251CC11D00584EE2 /* HistoricalDriverStrategy.swift in Sources */,
				5E7DB97D24D054420029C0EE /* NewsViewController.swift in Sources */,
				5E4CA1BE255D3A8900EA9F72 /* Optional.swift in Sources */,
				5E4630A1255ECF6700635A3F /* Collector.swift in Sources */,
				5EB4707D2541A44B00FB93B9 /* CurrentDriverStandings.swift in Sources */,
				5E4E00E125C970DE009416DC /* HistoricalConstructorStandingsViewController.swift in Sources */,
				5E419EF624B5DBB0006421F6 /* StandingDriverCell.swift in Sources */,
				5E4E00C325C96E1D009416DC /* HistoricalDriverDetailViewModel.swift in Sources */,
				5E6A133B252F01E80012CFEC /* Season.swift in Sources */,
				5E90F96F255AC5900088EAAD /* ConstructorParticipated.swift in Sources */,
				5EC60D6C24C1FD4E009C66CC /* DriverCellViewModel.swift in Sources */,
				5E05CD9024BF2B8F00EB2EF3 /* Driver.swift in Sources */,
				5E36136125C6D2B000A461AE /* HistoricalViewModelDelegate.swift in Sources */,
				5E36138025C6F69600A461AE /* HistoricalPickerViewModelDataSource.swift in Sources */,
				5EFD898924FE458200A39838 /* HistoricalPickerViewController.swift in Sources */,
				5E4E00BF25C96DEC009416DC /* HistoricalDetailViewModelVariety.swift in Sources */,
				5E9EB95224C2D99A00023668 /* StandingsViewModel.swift in Sources */,
				5E14A14424BCA1A90058305B /* API.swift in Sources */,
				5E4645DC25C70D5F00A407B0 /* TabBarController.swift in Sources */,
				5E8E01B3255155BD00A52CDD /* HistoricalRaceDetailStrategy.swift in Sources */,
				5E82AC9E253838C40015A168 /* HistoricalHeaderViewModel.swift in Sources */,
				5EB470832541AA5B00FB93B9 /* HistoricalDriverDetailStrategy.swift in Sources */,
				5ECFB2A62501132800ED94EA /* TransitionDriver.swift in Sources */,
				5E40ECF824B74B8100E3AF1F /* ConstructorViewController.swift in Sources */,
				5E4E00D925C9705B009416DC /* HistoricalDriverStandingsViewController.swift in Sources */,
				5E6A6DBC25B86E8100EC79E1 /* UIVIewGradient.swift in Sources */,
			);
			runOnlyForDeploymentPostprocessing = 0;
		};
		5E419ED524B5A858006421F6 /* Sources */ = {
			isa = PBXSourcesBuildPhase;
			buildActionMask = 2147483647;
			files = (
				5EB72B922574E0900023A90B /* HistoricalPickerViewModelTests.swift in Sources */,
				5E419EDE24B5A858006421F6 /* F1_SpaceTests.swift in Sources */,
			);
			runOnlyForDeploymentPostprocessing = 0;
		};
/* End PBXSourcesBuildPhase section */

/* Begin PBXTargetDependency section */
		5E419EDB24B5A858006421F6 /* PBXTargetDependency */ = {
			isa = PBXTargetDependency;
			target = 5E419EC224B5A855006421F6 /* F1 Space */;
			targetProxy = 5E419EDA24B5A858006421F6 /* PBXContainerItemProxy */;
		};
/* End PBXTargetDependency section */

/* Begin PBXVariantGroup section */
		5E419ED124B5A858006421F6 /* LaunchScreen.storyboard */ = {
			isa = PBXVariantGroup;
			children = (
				5E419ED224B5A858006421F6 /* Base */,
			);
			name = LaunchScreen.storyboard;
			sourceTree = "<group>";
		};
/* End PBXVariantGroup section */

/* Begin XCBuildConfiguration section */
		5E419EE024B5A858006421F6 /* Debug */ = {
			isa = XCBuildConfiguration;
			buildSettings = {
				ALWAYS_SEARCH_USER_PATHS = NO;
				CLANG_ANALYZER_NONNULL = YES;
				CLANG_ANALYZER_NUMBER_OBJECT_CONVERSION = YES_AGGRESSIVE;
				CLANG_CXX_LANGUAGE_STANDARD = "gnu++14";
				CLANG_CXX_LIBRARY = "libc++";
				CLANG_ENABLE_MODULES = YES;
				CLANG_ENABLE_OBJC_ARC = YES;
				CLANG_ENABLE_OBJC_WEAK = YES;
				CLANG_WARN_BLOCK_CAPTURE_AUTORELEASING = YES;
				CLANG_WARN_BOOL_CONVERSION = YES;
				CLANG_WARN_COMMA = YES;
				CLANG_WARN_CONSTANT_CONVERSION = YES;
				CLANG_WARN_DEPRECATED_OBJC_IMPLEMENTATIONS = YES;
				CLANG_WARN_DIRECT_OBJC_ISA_USAGE = YES_ERROR;
				CLANG_WARN_DOCUMENTATION_COMMENTS = YES;
				CLANG_WARN_EMPTY_BODY = YES;
				CLANG_WARN_ENUM_CONVERSION = YES;
				CLANG_WARN_INFINITE_RECURSION = YES;
				CLANG_WARN_INT_CONVERSION = YES;
				CLANG_WARN_NON_LITERAL_NULL_CONVERSION = YES;
				CLANG_WARN_OBJC_IMPLICIT_RETAIN_SELF = YES;
				CLANG_WARN_OBJC_LITERAL_CONVERSION = YES;
				CLANG_WARN_OBJC_ROOT_CLASS = YES_ERROR;
				CLANG_WARN_QUOTED_INCLUDE_IN_FRAMEWORK_HEADER = YES;
				CLANG_WARN_RANGE_LOOP_ANALYSIS = YES;
				CLANG_WARN_STRICT_PROTOTYPES = YES;
				CLANG_WARN_SUSPICIOUS_MOVE = YES;
				CLANG_WARN_UNGUARDED_AVAILABILITY = YES_AGGRESSIVE;
				CLANG_WARN_UNREACHABLE_CODE = YES;
				CLANG_WARN__DUPLICATE_METHOD_MATCH = YES;
				COPY_PHASE_STRIP = NO;
				DEBUG_INFORMATION_FORMAT = dwarf;
				ENABLE_STRICT_OBJC_MSGSEND = YES;
				ENABLE_TESTABILITY = YES;
				GCC_C_LANGUAGE_STANDARD = gnu11;
				GCC_DYNAMIC_NO_PIC = NO;
				GCC_NO_COMMON_BLOCKS = YES;
				GCC_OPTIMIZATION_LEVEL = 0;
				GCC_PREPROCESSOR_DEFINITIONS = (
					"DEBUG=1",
					"$(inherited)",
				);
				GCC_WARN_64_TO_32_BIT_CONVERSION = YES;
				GCC_WARN_ABOUT_RETURN_TYPE = YES_ERROR;
				GCC_WARN_UNDECLARED_SELECTOR = YES;
				GCC_WARN_UNINITIALIZED_AUTOS = YES_AGGRESSIVE;
				GCC_WARN_UNUSED_FUNCTION = YES;
				GCC_WARN_UNUSED_VARIABLE = YES;
				IPHONEOS_DEPLOYMENT_TARGET = 13.5;
				MTL_ENABLE_DEBUG_INFO = INCLUDE_SOURCE;
				MTL_FAST_MATH = YES;
				ONLY_ACTIVE_ARCH = YES;
				SDKROOT = iphoneos;
				SWIFT_ACTIVE_COMPILATION_CONDITIONS = DEBUG;
				SWIFT_OPTIMIZATION_LEVEL = "-Onone";
			};
			name = Debug;
		};
		5E419EE124B5A858006421F6 /* Release */ = {
			isa = XCBuildConfiguration;
			buildSettings = {
				ALWAYS_SEARCH_USER_PATHS = NO;
				CLANG_ANALYZER_NONNULL = YES;
				CLANG_ANALYZER_NUMBER_OBJECT_CONVERSION = YES_AGGRESSIVE;
				CLANG_CXX_LANGUAGE_STANDARD = "gnu++14";
				CLANG_CXX_LIBRARY = "libc++";
				CLANG_ENABLE_MODULES = YES;
				CLANG_ENABLE_OBJC_ARC = YES;
				CLANG_ENABLE_OBJC_WEAK = YES;
				CLANG_WARN_BLOCK_CAPTURE_AUTORELEASING = YES;
				CLANG_WARN_BOOL_CONVERSION = YES;
				CLANG_WARN_COMMA = YES;
				CLANG_WARN_CONSTANT_CONVERSION = YES;
				CLANG_WARN_DEPRECATED_OBJC_IMPLEMENTATIONS = YES;
				CLANG_WARN_DIRECT_OBJC_ISA_USAGE = YES_ERROR;
				CLANG_WARN_DOCUMENTATION_COMMENTS = YES;
				CLANG_WARN_EMPTY_BODY = YES;
				CLANG_WARN_ENUM_CONVERSION = YES;
				CLANG_WARN_INFINITE_RECURSION = YES;
				CLANG_WARN_INT_CONVERSION = YES;
				CLANG_WARN_NON_LITERAL_NULL_CONVERSION = YES;
				CLANG_WARN_OBJC_IMPLICIT_RETAIN_SELF = YES;
				CLANG_WARN_OBJC_LITERAL_CONVERSION = YES;
				CLANG_WARN_OBJC_ROOT_CLASS = YES_ERROR;
				CLANG_WARN_QUOTED_INCLUDE_IN_FRAMEWORK_HEADER = YES;
				CLANG_WARN_RANGE_LOOP_ANALYSIS = YES;
				CLANG_WARN_STRICT_PROTOTYPES = YES;
				CLANG_WARN_SUSPICIOUS_MOVE = YES;
				CLANG_WARN_UNGUARDED_AVAILABILITY = YES_AGGRESSIVE;
				CLANG_WARN_UNREACHABLE_CODE = YES;
				CLANG_WARN__DUPLICATE_METHOD_MATCH = YES;
				COPY_PHASE_STRIP = NO;
				DEBUG_INFORMATION_FORMAT = "dwarf-with-dsym";
				ENABLE_NS_ASSERTIONS = NO;
				ENABLE_STRICT_OBJC_MSGSEND = YES;
				GCC_C_LANGUAGE_STANDARD = gnu11;
				GCC_NO_COMMON_BLOCKS = YES;
				GCC_WARN_64_TO_32_BIT_CONVERSION = YES;
				GCC_WARN_ABOUT_RETURN_TYPE = YES_ERROR;
				GCC_WARN_UNDECLARED_SELECTOR = YES;
				GCC_WARN_UNINITIALIZED_AUTOS = YES_AGGRESSIVE;
				GCC_WARN_UNUSED_FUNCTION = YES;
				GCC_WARN_UNUSED_VARIABLE = YES;
				IPHONEOS_DEPLOYMENT_TARGET = 13.5;
				MTL_ENABLE_DEBUG_INFO = NO;
				MTL_FAST_MATH = YES;
				SDKROOT = iphoneos;
				SWIFT_COMPILATION_MODE = wholemodule;
				SWIFT_OPTIMIZATION_LEVEL = "-O";
				VALIDATE_PRODUCT = YES;
			};
			name = Release;
		};
		5E419EE324B5A858006421F6 /* Debug */ = {
			isa = XCBuildConfiguration;
			buildSettings = {
				ASSETCATALOG_COMPILER_APPICON_NAME = AppIcon;
				CODE_SIGN_STYLE = Automatic;
				DEVELOPMENT_TEAM = Q4947V4853;
				INFOPLIST_FILE = "$(SRCROOT)/F1 Space/Info.plist";
				LD_RUNPATH_SEARCH_PATHS = (
					"$(inherited)",
					"@executable_path/Frameworks",
				);
				PRODUCT_BUNDLE_IDENTIFIER = "skynetherside.F1-Space";
				PRODUCT_NAME = "$(TARGET_NAME)";
				SWIFT_VERSION = 5.0;
				TARGETED_DEVICE_FAMILY = 1;
			};
			name = Debug;
		};
		5E419EE424B5A858006421F6 /* Release */ = {
			isa = XCBuildConfiguration;
			buildSettings = {
				ASSETCATALOG_COMPILER_APPICON_NAME = AppIcon;
				CODE_SIGN_STYLE = Automatic;
				DEVELOPMENT_TEAM = Q4947V4853;
				INFOPLIST_FILE = "$(SRCROOT)/F1 Space/Info.plist";
				LD_RUNPATH_SEARCH_PATHS = (
					"$(inherited)",
					"@executable_path/Frameworks",
				);
				PRODUCT_BUNDLE_IDENTIFIER = "skynetherside.F1-Space";
				PRODUCT_NAME = "$(TARGET_NAME)";
				SWIFT_VERSION = 5.0;
				TARGETED_DEVICE_FAMILY = 1;
			};
			name = Release;
		};
		5E419EE624B5A858006421F6 /* Debug */ = {
			isa = XCBuildConfiguration;
			buildSettings = {
				ALWAYS_EMBED_SWIFT_STANDARD_LIBRARIES = YES;
				BUNDLE_LOADER = "$(TEST_HOST)";
				CODE_SIGN_STYLE = Automatic;
				DEVELOPMENT_TEAM = Q4947V4853;
				INFOPLIST_FILE = "F1 SpaceTests/StartingTestFiles/Info.plist";
				IPHONEOS_DEPLOYMENT_TARGET = 13.5;
				LD_RUNPATH_SEARCH_PATHS = (
					"$(inherited)",
					"@executable_path/Frameworks",
					"@loader_path/Frameworks",
				);
				PRODUCT_BUNDLE_IDENTIFIER = "skynetherside.F1-SpaceTests";
				PRODUCT_NAME = "$(TARGET_NAME)";
				SWIFT_VERSION = 5.0;
				TARGETED_DEVICE_FAMILY = "1,2";
				TEST_HOST = "$(BUILT_PRODUCTS_DIR)/F1 Space.app/F1 Space";
			};
			name = Debug;
		};
		5E419EE724B5A858006421F6 /* Release */ = {
			isa = XCBuildConfiguration;
			buildSettings = {
				ALWAYS_EMBED_SWIFT_STANDARD_LIBRARIES = YES;
				BUNDLE_LOADER = "$(TEST_HOST)";
				CODE_SIGN_STYLE = Automatic;
				DEVELOPMENT_TEAM = Q4947V4853;
				INFOPLIST_FILE = "F1 SpaceTests/StartingTestFiles/Info.plist";
				IPHONEOS_DEPLOYMENT_TARGET = 13.5;
				LD_RUNPATH_SEARCH_PATHS = (
					"$(inherited)",
					"@executable_path/Frameworks",
					"@loader_path/Frameworks",
				);
				PRODUCT_BUNDLE_IDENTIFIER = "skynetherside.F1-SpaceTests";
				PRODUCT_NAME = "$(TARGET_NAME)";
				SWIFT_VERSION = 5.0;
				TARGETED_DEVICE_FAMILY = "1,2";
				TEST_HOST = "$(BUILT_PRODUCTS_DIR)/F1 Space.app/F1 Space";
			};
			name = Release;
		};
/* End XCBuildConfiguration section */

/* Begin XCConfigurationList section */
		5E419EBE24B5A855006421F6 /* Build configuration list for PBXProject "F1 Space" */ = {
			isa = XCConfigurationList;
			buildConfigurations = (
				5E419EE024B5A858006421F6 /* Debug */,
				5E419EE124B5A858006421F6 /* Release */,
			);
			defaultConfigurationIsVisible = 0;
			defaultConfigurationName = Release;
		};
		5E419EE224B5A858006421F6 /* Build configuration list for PBXNativeTarget "F1 Space" */ = {
			isa = XCConfigurationList;
			buildConfigurations = (
				5E419EE324B5A858006421F6 /* Debug */,
				5E419EE424B5A858006421F6 /* Release */,
			);
			defaultConfigurationIsVisible = 0;
			defaultConfigurationName = Release;
		};
		5E419EE524B5A858006421F6 /* Build configuration list for PBXNativeTarget "F1 SpaceTests" */ = {
			isa = XCConfigurationList;
			buildConfigurations = (
				5E419EE624B5A858006421F6 /* Debug */,
				5E419EE724B5A858006421F6 /* Release */,
			);
			defaultConfigurationIsVisible = 0;
			defaultConfigurationName = Release;
		};
/* End XCConfigurationList section */
	};
	rootObject = 5E419EBB24B5A855006421F6 /* Project object */;
}
